Microsoft Visual Studio Solution File, Format Version 12.00
# Visual Studio 14
Project("{2150E333-8FDC-42A3-9474-1A3956D46DE8}") = "CMakePredefinedTargets", "CMakePredefinedTargets", "{8177F4BC-4B55-3373-85A4-A93608BD0C09}"
EndProject
Project("{8BC9CEB8-8B4A-11D0-8D11-00A0C91BC942}") = "ALL_BUILD", "ALL_BUILD.vcxproj", "{6EE29ED6-A195-39D5-8A18-A64C36831DB3}"
	ProjectSection(ProjectDependencies) = postProject
		{BE97B066-C0FA-329E-9BD1-7343E832883C} = {BE97B066-C0FA-329E-9BD1-7343E832883C}
		{C0FA6506-76ED-3BED-909D-D347FF8CB826} = {C0FA6506-76ED-3BED-909D-D347FF8CB826}
		{3E57063D-3E15-33B6-A086-839F3F742B08} = {3E57063D-3E15-33B6-A086-839F3F742B08}
		{F72FC20A-528B-350D-8AB6-C433D73ACA8E} = {F72FC20A-528B-350D-8AB6-C433D73ACA8E}
		{D785EA88-549A-3EC6-AF65-D570281CE047} = {D785EA88-549A-3EC6-AF65-D570281CE047}
		{C5790E38-8B1B-3A82-9179-852AEDEEAF63} = {C5790E38-8B1B-3A82-9179-852AEDEEAF63}
		{78123810-B000-35EF-9B53-B200266C0498} = {78123810-B000-35EF-9B53-B200266C0498}
		{30CA808B-F906-3F1E-8F52-B71AA92E6176} = {30CA808B-F906-3F1E-8F52-B71AA92E6176}
		{07C640E1-C1D5-3017-8909-8593061F56BF} = {07C640E1-C1D5-3017-8909-8593061F56BF}
		{A3963120-61A0-3D2F-9DDA-9E39F81A478C} = {A3963120-61A0-3D2F-9DDA-9E39F81A478C}
		{CED458EE-C6CA-3776-B948-50F29CDA8158} = {CED458EE-C6CA-3776-B948-50F29CDA8158}
		{034F42C6-3FDD-306C-AA4E-4C4453E6CA31} = {034F42C6-3FDD-306C-AA4E-4C4453E6CA31}
		{ECA209EE-01F5-3B26-88E5-B86435577B54} = {ECA209EE-01F5-3B26-88E5-B86435577B54}
		{2C8424D6-5B43-3B7A-8392-670859EFFBEB} = {2C8424D6-5B43-3B7A-8392-670859EFFBEB}
		{0FCE9235-B7B8-31F2-BF08-0AE621DE0CF7} = {0FCE9235-B7B8-31F2-BF08-0AE621DE0CF7}
		{900D5F87-3EE5-330B-AA75-BE90244FBC3F} = {900D5F87-3EE5-330B-AA75-BE90244FBC3F}
		{F3163D4D-6ADF-3200-81B8-70822F11070F} = {F3163D4D-6ADF-3200-81B8-70822F11070F}
		{5A579ABD-CA0B-3CDF-982C-A6681562DCA2} = {5A579ABD-CA0B-3CDF-982C-A6681562DCA2}
		{3675D6F9-4266-3DC0-A1FB-D3E4A2CCD3D9} = {3675D6F9-4266-3DC0-A1FB-D3E4A2CCD3D9}
		{3FBC7C75-0D3D-3A8E-ADB6-33C7DF66C6B2} = {3FBC7C75-0D3D-3A8E-ADB6-33C7DF66C6B2}
		{CFC962BA-C380-37B1-AC2E-0C15DCD4D99B} = {CFC962BA-C380-37B1-AC2E-0C15DCD4D99B}
		{3D4EA00B-D5E7-39D8-BCC8-0A744A1C23F3} = {3D4EA00B-D5E7-39D8-BCC8-0A744A1C23F3}
		{BB0A485C-11DF-3EEA-A619-0D99E75870DE} = {BB0A485C-11DF-3EEA-A619-0D99E75870DE}
		{1977D1DF-5AC0-3129-A491-206C79E37037} = {1977D1DF-5AC0-3129-A491-206C79E37037}
		{D26C18F4-6041-3553-B0A4-F8F1E5F777A4} = {D26C18F4-6041-3553-B0A4-F8F1E5F777A4}
		{65DEA15C-A1B1-3A73-B5A2-FBC13C7F0F60} = {65DEA15C-A1B1-3A73-B5A2-FBC13C7F0F60}
		{CF7DC8CC-38E3-36B9-9D2F-56443415A331} = {CF7DC8CC-38E3-36B9-9D2F-56443415A331}
		{0CC99382-C475-31BD-98E3-1A8E743B26F1} = {0CC99382-C475-31BD-98E3-1A8E743B26F1}
		{61B86B79-6D56-3C79-9158-19CBB71214C8} = {61B86B79-6D56-3C79-9158-19CBB71214C8}
		{F2DE27EE-8E1C-39FF-A4DF-6EA247B15609} = {F2DE27EE-8E1C-39FF-A4DF-6EA247B15609}
		{1C211F06-5FC6-37A6-8CC0-4E9562810415} = {1C211F06-5FC6-37A6-8CC0-4E9562810415}
		{110C680C-289C-3A95-8AEF-2063EF4F325C} = {110C680C-289C-3A95-8AEF-2063EF4F325C}
		{1D5E4C40-8583-3517-BEB7-8E502CFA6C3A} = {1D5E4C40-8583-3517-BEB7-8E502CFA6C3A}
		{0A2ECCE6-F09B-3EA8-9608-260490C45292} = {0A2ECCE6-F09B-3EA8-9608-260490C45292}
		{8A8C34A1-A8DF-3E88-8D30-2EE03C32D8C7} = {8A8C34A1-A8DF-3E88-8D30-2EE03C32D8C7}
	EndProjectSection
EndProject
Project("{8BC9CEB8-8B4A-11D0-8D11-00A0C91BC942}") = "INSTALL", "INSTALL.vcxproj", "{D9A898A2-EA75-324E-B233-2C2AF0F61408}"
	ProjectSection(ProjectDependencies) = postProject
		{6EE29ED6-A195-39D5-8A18-A64C36831DB3} = {6EE29ED6-A195-39D5-8A18-A64C36831DB3}
		{BE97B066-C0FA-329E-9BD1-7343E832883C} = {BE97B066-C0FA-329E-9BD1-7343E832883C}
	EndProjectSection
EndProject
Project("{8BC9CEB8-8B4A-11D0-8D11-00A0C91BC942}") = "ZERO_CHECK", "ZERO_CHECK.vcxproj", "{BE97B066-C0FA-329E-9BD1-7343E832883C}"
	ProjectSection(ProjectDependencies) = postProject
	EndProjectSection
EndProject
Project("{8BC9CEB8-8B4A-11D0-8D11-00A0C91BC942}") = "sundials_arkode_shared", "src\arkode\sundials_arkode_shared.vcxproj", "{C0FA6506-76ED-3BED-909D-D347FF8CB826}"
	ProjectSection(ProjectDependencies) = postProject
		{BE97B066-C0FA-329E-9BD1-7343E832883C} = {BE97B066-C0FA-329E-9BD1-7343E832883C}
	EndProjectSection
EndProject
Project("{8BC9CEB8-8B4A-11D0-8D11-00A0C91BC942}") = "sundials_arkode_static", "src\arkode\sundials_arkode_static.vcxproj", "{3E57063D-3E15-33B6-A086-839F3F742B08}"
	ProjectSection(ProjectDependencies) = postProject
		{BE97B066-C0FA-329E-9BD1-7343E832883C} = {BE97B066-C0FA-329E-9BD1-7343E832883C}
	EndProjectSection
EndProject
Project("{8BC9CEB8-8B4A-11D0-8D11-00A0C91BC942}") = "sundials_cvode_shared", "src\cvode\sundials_cvode_shared.vcxproj", "{F72FC20A-528B-350D-8AB6-C433D73ACA8E}"
	ProjectSection(ProjectDependencies) = postProject
		{BE97B066-C0FA-329E-9BD1-7343E832883C} = {BE97B066-C0FA-329E-9BD1-7343E832883C}
	EndProjectSection
EndProject
Project("{8BC9CEB8-8B4A-11D0-8D11-00A0C91BC942}") = "sundials_cvode_static", "src\cvode\sundials_cvode_static.vcxproj", "{D785EA88-549A-3EC6-AF65-D570281CE047}"
	ProjectSection(ProjectDependencies) = postProject
		{BE97B066-C0FA-329E-9BD1-7343E832883C} = {BE97B066-C0FA-329E-9BD1-7343E832883C}
	EndProjectSection
EndProject
Project("{8BC9CEB8-8B4A-11D0-8D11-00A0C91BC942}") = "sundials_cvodes_shared", "src\cvodes\sundials_cvodes_shared.vcxproj", "{C5790E38-8B1B-3A82-9179-852AEDEEAF63}"
	ProjectSection(ProjectDependencies) = postProject
		{BE97B066-C0FA-329E-9BD1-7343E832883C} = {BE97B066-C0FA-329E-9BD1-7343E832883C}
	EndProjectSection
EndProject
Project("{8BC9CEB8-8B4A-11D0-8D11-00A0C91BC942}") = "sundials_cvodes_static", "src\cvodes\sundials_cvodes_static.vcxproj", "{78123810-B000-35EF-9B53-B200266C0498}"
	ProjectSection(ProjectDependencies) = postProject
		{BE97B066-C0FA-329E-9BD1-7343E832883C} = {BE97B066-C0FA-329E-9BD1-7343E832883C}
	EndProjectSection
EndProject
Project("{8BC9CEB8-8B4A-11D0-8D11-00A0C91BC942}") = "sundials_ida_shared", "src\ida\sundials_ida_shared.vcxproj", "{30CA808B-F906-3F1E-8F52-B71AA92E6176}"
	ProjectSection(ProjectDependencies) = postProject
		{BE97B066-C0FA-329E-9BD1-7343E832883C} = {BE97B066-C0FA-329E-9BD1-7343E832883C}
	EndProjectSection
EndProject
Project("{8BC9CEB8-8B4A-11D0-8D11-00A0C91BC942}") = "sundials_ida_static", "src\ida\sundials_ida_static.vcxproj", "{07C640E1-C1D5-3017-8909-8593061F56BF}"
	ProjectSection(ProjectDependencies) = postProject
		{BE97B066-C0FA-329E-9BD1-7343E832883C} = {BE97B066-C0FA-329E-9BD1-7343E832883C}
	EndProjectSection
EndProject
Project("{8BC9CEB8-8B4A-11D0-8D11-00A0C91BC942}") = "sundials_idas_shared", "src\idas\sundials_idas_shared.vcxproj", "{A3963120-61A0-3D2F-9DDA-9E39F81A478C}"
	ProjectSection(ProjectDependencies) = postProject
		{BE97B066-C0FA-329E-9BD1-7343E832883C} = {BE97B066-C0FA-329E-9BD1-7343E832883C}
	EndProjectSection
EndProject
Project("{8BC9CEB8-8B4A-11D0-8D11-00A0C91BC942}") = "sundials_idas_static", "src\idas\sundials_idas_static.vcxproj", "{CED458EE-C6CA-3776-B948-50F29CDA8158}"
	ProjectSection(ProjectDependencies) = postProject
		{BE97B066-C0FA-329E-9BD1-7343E832883C} = {BE97B066-C0FA-329E-9BD1-7343E832883C}
	EndProjectSection
EndProject
Project("{8BC9CEB8-8B4A-11D0-8D11-00A0C91BC942}") = "sundials_kinsol_shared", "src\kinsol\sundials_kinsol_shared.vcxproj", "{034F42C6-3FDD-306C-AA4E-4C4453E6CA31}"
	ProjectSection(ProjectDependencies) = postProject
		{BE97B066-C0FA-329E-9BD1-7343E832883C} = {BE97B066-C0FA-329E-9BD1-7343E832883C}
	EndProjectSection
EndProject
Project("{8BC9CEB8-8B4A-11D0-8D11-00A0C91BC942}") = "sundials_kinsol_static", "src\kinsol\sundials_kinsol_static.vcxproj", "{ECA209EE-01F5-3B26-88E5-B86435577B54}"
	ProjectSection(ProjectDependencies) = postProject
		{BE97B066-C0FA-329E-9BD1-7343E832883C} = {BE97B066-C0FA-329E-9BD1-7343E832883C}
	EndProjectSection
EndProject
Project("{8BC9CEB8-8B4A-11D0-8D11-00A0C91BC942}") = "sundials_nvecserial_shared", "src\nvec_ser\sundials_nvecserial_shared.vcxproj", "{2C8424D6-5B43-3B7A-8392-670859EFFBEB}"
	ProjectSection(ProjectDependencies) = postProject
		{BE97B066-C0FA-329E-9BD1-7343E832883C} = {BE97B066-C0FA-329E-9BD1-7343E832883C}
	EndProjectSection
EndProject
Project("{8BC9CEB8-8B4A-11D0-8D11-00A0C91BC942}") = "sundials_nvecserial_static", "src\nvec_ser\sundials_nvecserial_static.vcxproj", "{0FCE9235-B7B8-31F2-BF08-0AE621DE0CF7}"
	ProjectSection(ProjectDependencies) = postProject
		{BE97B066-C0FA-329E-9BD1-7343E832883C} = {BE97B066-C0FA-329E-9BD1-7343E832883C}
	EndProjectSection
EndProject
Project("{8BC9CEB8-8B4A-11D0-8D11-00A0C91BC942}") = "sundials_sunlinsolband_shared", "src\sunlinsol_band\sundials_sunlinsolband_shared.vcxproj", "{900D5F87-3EE5-330B-AA75-BE90244FBC3F}"
	ProjectSection(ProjectDependencies) = postProject
		{BE97B066-C0FA-329E-9BD1-7343E832883C} = {BE97B066-C0FA-329E-9BD1-7343E832883C}
		{F2DE27EE-8E1C-39FF-A4DF-6EA247B15609} = {F2DE27EE-8E1C-39FF-A4DF-6EA247B15609}
	EndProjectSection
EndProject
Project("{8BC9CEB8-8B4A-11D0-8D11-00A0C91BC942}") = "sundials_sunlinsolband_static", "src\sunlinsol_band\sundials_sunlinsolband_static.vcxproj", "{F3163D4D-6ADF-3200-81B8-70822F11070F}"
	ProjectSection(ProjectDependencies) = postProject
		{BE97B066-C0FA-329E-9BD1-7343E832883C} = {BE97B066-C0FA-329E-9BD1-7343E832883C}
	EndProjectSection
EndProject
Project("{8BC9CEB8-8B4A-11D0-8D11-00A0C91BC942}") = "sundials_sunlinsoldense_shared", "src\sunlinsol_dense\sundials_sunlinsoldense_shared.vcxproj", "{5A579ABD-CA0B-3CDF-982C-A6681562DCA2}"
	ProjectSection(ProjectDependencies) = postProject
		{BE97B066-C0FA-329E-9BD1-7343E832883C} = {BE97B066-C0FA-329E-9BD1-7343E832883C}
		{110C680C-289C-3A95-8AEF-2063EF4F325C} = {110C680C-289C-3A95-8AEF-2063EF4F325C}
	EndProjectSection
EndProject
Project("{8BC9CEB8-8B4A-11D0-8D11-00A0C91BC942}") = "sundials_sunlinsoldense_static", "src\sunlinsol_dense\sundials_sunlinsoldense_static.vcxproj", "{3675D6F9-4266-3DC0-A1FB-D3E4A2CCD3D9}"
	ProjectSection(ProjectDependencies) = postProject
		{BE97B066-C0FA-329E-9BD1-7343E832883C} = {BE97B066-C0FA-329E-9BD1-7343E832883C}
	EndProjectSection
EndProject
Project("{8BC9CEB8-8B4A-11D0-8D11-00A0C91BC942}") = "sundials_sunlinsolpcg_shared", "src\sunlinsol_pcg\sundials_sunlinsolpcg_shared.vcxproj", "{3FBC7C75-0D3D-3A8E-ADB6-33C7DF66C6B2}"
	ProjectSection(ProjectDependencies) = postProject
		{BE97B066-C0FA-329E-9BD1-7343E832883C} = {BE97B066-C0FA-329E-9BD1-7343E832883C}
	EndProjectSection
EndProject
Project("{8BC9CEB8-8B4A-11D0-8D11-00A0C91BC942}") = "sundials_sunlinsolpcg_static", "src\sunlinsol_pcg\sundials_sunlinsolpcg_static.vcxproj", "{CFC962BA-C380-37B1-AC2E-0C15DCD4D99B}"
	ProjectSection(ProjectDependencies) = postProject
		{BE97B066-C0FA-329E-9BD1-7343E832883C} = {BE97B066-C0FA-329E-9BD1-7343E832883C}
	EndProjectSection
EndProject
Project("{8BC9CEB8-8B4A-11D0-8D11-00A0C91BC942}") = "sundials_sunlinsolspbcgs_shared", "src\sunlinsol_spbcgs\sundials_sunlinsolspbcgs_shared.vcxproj", "{3D4EA00B-D5E7-39D8-BCC8-0A744A1C23F3}"
	ProjectSection(ProjectDependencies) = postProject
		{BE97B066-C0FA-329E-9BD1-7343E832883C} = {BE97B066-C0FA-329E-9BD1-7343E832883C}
	EndProjectSection
EndProject
Project("{8BC9CEB8-8B4A-11D0-8D11-00A0C91BC942}") = "sundials_sunlinsolspbcgs_static", "src\sunlinsol_spbcgs\sundials_sunlinsolspbcgs_static.vcxproj", "{BB0A485C-11DF-3EEA-A619-0D99E75870DE}"
	ProjectSection(ProjectDependencies) = postProject
		{BE97B066-C0FA-329E-9BD1-7343E832883C} = {BE97B066-C0FA-329E-9BD1-7343E832883C}
	EndProjectSection
EndProject
Project("{8BC9CEB8-8B4A-11D0-8D11-00A0C91BC942}") = "sundials_sunlinsolspfgmr_shared", "src\sunlinsol_spfgmr\sundials_sunlinsolspfgmr_shared.vcxproj", "{1977D1DF-5AC0-3129-A491-206C79E37037}"
	ProjectSection(ProjectDependencies) = postProject
		{BE97B066-C0FA-329E-9BD1-7343E832883C} = {BE97B066-C0FA-329E-9BD1-7343E832883C}
	EndProjectSection
EndProject
Project("{8BC9CEB8-8B4A-11D0-8D11-00A0C91BC942}") = "sundials_sunlinsolspfgmr_static", "src\sunlinsol_spfgmr\sundials_sunlinsolspfgmr_static.vcxproj", "{D26C18F4-6041-3553-B0A4-F8F1E5F777A4}"
	ProjectSection(ProjectDependencies) = postProject
		{BE97B066-C0FA-329E-9BD1-7343E832883C} = {BE97B066-C0FA-329E-9BD1-7343E832883C}
	EndProjectSection
EndProject
Project("{8BC9CEB8-8B4A-11D0-8D11-00A0C91BC942}") = "sundials_sunlinsolspgmr_shared", "src\sunlinsol_spgmr\sundials_sunlinsolspgmr_shared.vcxproj", "{65DEA15C-A1B1-3A73-B5A2-FBC13C7F0F60}"
	ProjectSection(ProjectDependencies) = postProject
		{BE97B066-C0FA-329E-9BD1-7343E832883C} = {BE97B066-C0FA-329E-9BD1-7343E832883C}
	EndProjectSection
EndProject
Project("{8BC9CEB8-8B4A-11D0-8D11-00A0C91BC942}") = "sundials_sunlinsolspgmr_static", "src\sunlinsol_spgmr\sundials_sunlinsolspgmr_static.vcxproj", "{CF7DC8CC-38E3-36B9-9D2F-56443415A331}"
	ProjectSection(ProjectDependencies) = postProject
		{BE97B066-C0FA-329E-9BD1-7343E832883C} = {BE97B066-C0FA-329E-9BD1-7343E832883C}
	EndProjectSection
EndProject
Project("{8BC9CEB8-8B4A-11D0-8D11-00A0C91BC942}") = "sundials_sunlinsolsptfqmr_shared", "src\sunlinsol_sptfqmr\sundials_sunlinsolsptfqmr_shared.vcxproj", "{0CC99382-C475-31BD-98E3-1A8E743B26F1}"
	ProjectSection(ProjectDependencies) = postProject
		{BE97B066-C0FA-329E-9BD1-7343E832883C} = {BE97B066-C0FA-329E-9BD1-7343E832883C}
	EndProjectSection
EndProject
Project("{8BC9CEB8-8B4A-11D0-8D11-00A0C91BC942}") = "sundials_sunlinsolsptfqmr_static", "src\sunlinsol_sptfqmr\sundials_sunlinsolsptfqmr_static.vcxproj", "{61B86B79-6D56-3C79-9158-19CBB71214C8}"
	ProjectSection(ProjectDependencies) = postProject
		{BE97B066-C0FA-329E-9BD1-7343E832883C} = {BE97B066-C0FA-329E-9BD1-7343E832883C}
	EndProjectSection
EndProject
Project("{8BC9CEB8-8B4A-11D0-8D11-00A0C91BC942}") = "sundials_sunmatrixband_shared", "src\sunmat_band\sundials_sunmatrixband_shared.vcxproj", "{F2DE27EE-8E1C-39FF-A4DF-6EA247B15609}"
	ProjectSection(ProjectDependencies) = postProject
		{BE97B066-C0FA-329E-9BD1-7343E832883C} = {BE97B066-C0FA-329E-9BD1-7343E832883C}
	EndProjectSection
EndProject
Project("{8BC9CEB8-8B4A-11D0-8D11-00A0C91BC942}") = "sundials_sunmatrixband_static", "src\sunmat_band\sundials_sunmatrixband_static.vcxproj", "{1C211F06-5FC6-37A6-8CC0-4E9562810415}"
	ProjectSection(ProjectDependencies) = postProject
		{BE97B066-C0FA-329E-9BD1-7343E832883C} = {BE97B066-C0FA-329E-9BD1-7343E832883C}
	EndProjectSection
EndProject
Project("{8BC9CEB8-8B4A-11D0-8D11-00A0C91BC942}") = "sundials_sunmatrixdense_shared", "src\sunmat_dense\sundials_sunmatrixdense_shared.vcxproj", "{110C680C-289C-3A95-8AEF-2063EF4F325C}"
	ProjectSection(ProjectDependencies) = postProject
		{BE97B066-C0FA-329E-9BD1-7343E832883C} = {BE97B066-C0FA-329E-9BD1-7343E832883C}
	EndProjectSection
EndProject
Project("{8BC9CEB8-8B4A-11D0-8D11-00A0C91BC942}") = "sundials_sunmatrixdense_static", "src\sunmat_dense\sundials_sunmatrixdense_static.vcxproj", "{1D5E4C40-8583-3517-BEB7-8E502CFA6C3A}"
	ProjectSection(ProjectDependencies) = postProject
		{BE97B066-C0FA-329E-9BD1-7343E832883C} = {BE97B066-C0FA-329E-9BD1-7343E832883C}
	EndProjectSection
EndProject
Project("{8BC9CEB8-8B4A-11D0-8D11-00A0C91BC942}") = "sundials_sunmatrixsparse_shared", "src\sunmat_sparse\sundials_sunmatrixsparse_shared.vcxproj", "{0A2ECCE6-F09B-3EA8-9608-260490C45292}"
	ProjectSection(ProjectDependencies) = postProject
		{BE97B066-C0FA-329E-9BD1-7343E832883C} = {BE97B066-C0FA-329E-9BD1-7343E832883C}
	EndProjectSection
EndProject
Project("{8BC9CEB8-8B4A-11D0-8D11-00A0C91BC942}") = "sundials_sunmatrixsparse_static", "src\sunmat_sparse\sundials_sunmatrixsparse_static.vcxproj", "{8A8C34A1-A8DF-3E88-8D30-2EE03C32D8C7}"
	ProjectSection(ProjectDependencies) = postProject
		{BE97B066-C0FA-329E-9BD1-7343E832883C} = {BE97B066-C0FA-329E-9BD1-7343E832883C}
	EndProjectSection
EndProject
Global
	GlobalSection(SolutionConfigurationPlatforms) = preSolution
		Release|x64 = Release|x64
		MinSizeRel|x64 = MinSizeRel|x64
		RelWithDebInfo|x64 = RelWithDebInfo|x64
	EndGlobalSection
	GlobalSection(ProjectConfigurationPlatforms) = postSolution
		{6EE29ED6-A195-39D5-8A18-A64C36831DB3}.Release|x64.ActiveCfg = Release|x64
		{6EE29ED6-A195-39D5-8A18-A64C36831DB3}.Release|x64.Build.0 = Release|x64
		{6EE29ED6-A195-39D5-8A18-A64C36831DB3}.MinSizeRel|x64.ActiveCfg = MinSizeRel|x64
		{6EE29ED6-A195-39D5-8A18-A64C36831DB3}.MinSizeRel|x64.Build.0 = MinSizeRel|x64
		{6EE29ED6-A195-39D5-8A18-A64C36831DB3}.RelWithDebInfo|x64.ActiveCfg = RelWithDebInfo|x64
		{6EE29ED6-A195-39D5-8A18-A64C36831DB3}.RelWithDebInfo|x64.Build.0 = RelWithDebInfo|x64
		{D9A898A2-EA75-324E-B233-2C2AF0F61408}.Release|x64.ActiveCfg = Release|x64
		{D9A898A2-EA75-324E-B233-2C2AF0F61408}.MinSizeRel|x64.ActiveCfg = MinSizeRel|x64
		{D9A898A2-EA75-324E-B233-2C2AF0F61408}.RelWithDebInfo|x64.ActiveCfg = RelWithDebInfo|x64
		{BE97B066-C0FA-329E-9BD1-7343E832883C}.Release|x64.ActiveCfg = Release|x64
		{BE97B066-C0FA-329E-9BD1-7343E832883C}.Release|x64.Build.0 = Release|x64
		{BE97B066-C0FA-329E-9BD1-7343E832883C}.MinSizeRel|x64.ActiveCfg = MinSizeRel|x64
		{BE97B066-C0FA-329E-9BD1-7343E832883C}.MinSizeRel|x64.Build.0 = MinSizeRel|x64
		{BE97B066-C0FA-329E-9BD1-7343E832883C}.RelWithDebInfo|x64.ActiveCfg = RelWithDebInfo|x64
		{BE97B066-C0FA-329E-9BD1-7343E832883C}.RelWithDebInfo|x64.Build.0 = RelWithDebInfo|x64
		{C0FA6506-76ED-3BED-909D-D347FF8CB826}.Release|x64.ActiveCfg = Release|x64
		{C0FA6506-76ED-3BED-909D-D347FF8CB826}.Release|x64.Build.0 = Release|x64
		{C0FA6506-76ED-3BED-909D-D347FF8CB826}.MinSizeRel|x64.ActiveCfg = MinSizeRel|x64
		{C0FA6506-76ED-3BED-909D-D347FF8CB826}.MinSizeRel|x64.Build.0 = MinSizeRel|x64
		{C0FA6506-76ED-3BED-909D-D347FF8CB826}.RelWithDebInfo|x64.ActiveCfg = RelWithDebInfo|x64
		{C0FA6506-76ED-3BED-909D-D347FF8CB826}.RelWithDebInfo|x64.Build.0 = RelWithDebInfo|x64
		{3E57063D-3E15-33B6-A086-839F3F742B08}.Release|x64.ActiveCfg = Release|x64
		{3E57063D-3E15-33B6-A086-839F3F742B08}.Release|x64.Build.0 = Release|x64
		{3E57063D-3E15-33B6-A086-839F3F742B08}.MinSizeRel|x64.ActiveCfg = MinSizeRel|x64
		{3E57063D-3E15-33B6-A086-839F3F742B08}.MinSizeRel|x64.Build.0 = MinSizeRel|x64
		{3E57063D-3E15-33B6-A086-839F3F742B08}.RelWithDebInfo|x64.ActiveCfg = RelWithDebInfo|x64
		{3E57063D-3E15-33B6-A086-839F3F742B08}.RelWithDebInfo|x64.Build.0 = RelWithDebInfo|x64
		{F72FC20A-528B-350D-8AB6-C433D73ACA8E}.Release|x64.ActiveCfg = Release|x64
		{F72FC20A-528B-350D-8AB6-C433D73ACA8E}.Release|x64.Build.0 = Release|x64
		{F72FC20A-528B-350D-8AB6-C433D73ACA8E}.MinSizeRel|x64.ActiveCfg = MinSizeRel|x64
		{F72FC20A-528B-350D-8AB6-C433D73ACA8E}.MinSizeRel|x64.Build.0 = MinSizeRel|x64
		{F72FC20A-528B-350D-8AB6-C433D73ACA8E}.RelWithDebInfo|x64.ActiveCfg = RelWithDebInfo|x64
		{F72FC20A-528B-350D-8AB6-C433D73ACA8E}.RelWithDebInfo|x64.Build.0 = RelWithDebInfo|x64
		{D785EA88-549A-3EC6-AF65-D570281CE047}.Release|x64.ActiveCfg = Release|x64
		{D785EA88-549A-3EC6-AF65-D570281CE047}.Release|x64.Build.0 = Release|x64
		{D785EA88-549A-3EC6-AF65-D570281CE047}.MinSizeRel|x64.ActiveCfg = MinSizeRel|x64
		{D785EA88-549A-3EC6-AF65-D570281CE047}.MinSizeRel|x64.Build.0 = MinSizeRel|x64
		{D785EA88-549A-3EC6-AF65-D570281CE047}.RelWithDebInfo|x64.ActiveCfg = RelWithDebInfo|x64
		{D785EA88-549A-3EC6-AF65-D570281CE047}.RelWithDebInfo|x64.Build.0 = RelWithDebInfo|x64
		{C5790E38-8B1B-3A82-9179-852AEDEEAF63}.Release|x64.ActiveCfg = Release|x64
		{C5790E38-8B1B-3A82-9179-852AEDEEAF63}.Release|x64.Build.0 = Release|x64
		{C5790E38-8B1B-3A82-9179-852AEDEEAF63}.MinSizeRel|x64.ActiveCfg = MinSizeRel|x64
		{C5790E38-8B1B-3A82-9179-852AEDEEAF63}.MinSizeRel|x64.Build.0 = MinSizeRel|x64
		{C5790E38-8B1B-3A82-9179-852AEDEEAF63}.RelWithDebInfo|x64.ActiveCfg = RelWithDebInfo|x64
		{C5790E38-8B1B-3A82-9179-852AEDEEAF63}.RelWithDebInfo|x64.Build.0 = RelWithDebInfo|x64
		{78123810-B000-35EF-9B53-B200266C0498}.Release|x64.ActiveCfg = Release|x64
		{78123810-B000-35EF-9B53-B200266C0498}.Release|x64.Build.0 = Release|x64
		{78123810-B000-35EF-9B53-B200266C0498}.MinSizeRel|x64.ActiveCfg = MinSizeRel|x64
		{78123810-B000-35EF-9B53-B200266C0498}.MinSizeRel|x64.Build.0 = MinSizeRel|x64
		{78123810-B000-35EF-9B53-B200266C0498}.RelWithDebInfo|x64.ActiveCfg = RelWithDebInfo|x64
		{78123810-B000-35EF-9B53-B200266C0498}.RelWithDebInfo|x64.Build.0 = RelWithDebInfo|x64
		{30CA808B-F906-3F1E-8F52-B71AA92E6176}.Release|x64.ActiveCfg = Release|x64
		{30CA808B-F906-3F1E-8F52-B71AA92E6176}.Release|x64.Build.0 = Release|x64
		{30CA808B-F906-3F1E-8F52-B71AA92E6176}.MinSizeRel|x64.ActiveCfg = MinSizeRel|x64
		{30CA808B-F906-3F1E-8F52-B71AA92E6176}.MinSizeRel|x64.Build.0 = MinSizeRel|x64
		{30CA808B-F906-3F1E-8F52-B71AA92E6176}.RelWithDebInfo|x64.ActiveCfg = RelWithDebInfo|x64
		{30CA808B-F906-3F1E-8F52-B71AA92E6176}.RelWithDebInfo|x64.Build.0 = RelWithDebInfo|x64
		{07C640E1-C1D5-3017-8909-8593061F56BF}.Release|x64.ActiveCfg = Release|x64
		{07C640E1-C1D5-3017-8909-8593061F56BF}.Release|x64.Build.0 = Release|x64
		{07C640E1-C1D5-3017-8909-8593061F56BF}.MinSizeRel|x64.ActiveCfg = MinSizeRel|x64
		{07C640E1-C1D5-3017-8909-8593061F56BF}.MinSizeRel|x64.Build.0 = MinSizeRel|x64
		{07C640E1-C1D5-3017-8909-8593061F56BF}.RelWithDebInfo|x64.ActiveCfg = RelWithDebInfo|x64
		{07C640E1-C1D5-3017-8909-8593061F56BF}.RelWithDebInfo|x64.Build.0 = RelWithDebInfo|x64
		{A3963120-61A0-3D2F-9DDA-9E39F81A478C}.Release|x64.ActiveCfg = Release|x64
		{A3963120-61A0-3D2F-9DDA-9E39F81A478C}.Release|x64.Build.0 = Release|x64
		{A3963120-61A0-3D2F-9DDA-9E39F81A478C}.MinSizeRel|x64.ActiveCfg = MinSizeRel|x64
		{A3963120-61A0-3D2F-9DDA-9E39F81A478C}.MinSizeRel|x64.Build.0 = MinSizeRel|x64
		{A3963120-61A0-3D2F-9DDA-9E39F81A478C}.RelWithDebInfo|x64.ActiveCfg = RelWithDebInfo|x64
		{A3963120-61A0-3D2F-9DDA-9E39F81A478C}.RelWithDebInfo|x64.Build.0 = RelWithDebInfo|x64
		{CED458EE-C6CA-3776-B948-50F29CDA8158}.Release|x64.ActiveCfg = Release|x64
		{CED458EE-C6CA-3776-B948-50F29CDA8158}.Release|x64.Build.0 = Release|x64
		{CED458EE-C6CA-3776-B948-50F29CDA8158}.MinSizeRel|x64.ActiveCfg = MinSizeRel|x64
		{CED458EE-C6CA-3776-B948-50F29CDA8158}.MinSizeRel|x64.Build.0 = MinSizeRel|x64
		{CED458EE-C6CA-3776-B948-50F29CDA8158}.RelWithDebInfo|x64.ActiveCfg = RelWithDebInfo|x64
		{CED458EE-C6CA-3776-B948-50F29CDA8158}.RelWithDebInfo|x64.Build.0 = RelWithDebInfo|x64
		{034F42C6-3FDD-306C-AA4E-4C4453E6CA31}.Release|x64.ActiveCfg = Release|x64
		{034F42C6-3FDD-306C-AA4E-4C4453E6CA31}.Release|x64.Build.0 = Release|x64
		{034F42C6-3FDD-306C-AA4E-4C4453E6CA31}.MinSizeRel|x64.ActiveCfg = MinSizeRel|x64
		{034F42C6-3FDD-306C-AA4E-4C4453E6CA31}.MinSizeRel|x64.Build.0 = MinSizeRel|x64
		{034F42C6-3FDD-306C-AA4E-4C4453E6CA31}.RelWithDebInfo|x64.ActiveCfg = RelWithDebInfo|x64
		{034F42C6-3FDD-306C-AA4E-4C4453E6CA31}.RelWithDebInfo|x64.Build.0 = RelWithDebInfo|x64
		{ECA209EE-01F5-3B26-88E5-B86435577B54}.Release|x64.ActiveCfg = Release|x64
		{ECA209EE-01F5-3B26-88E5-B86435577B54}.Release|x64.Build.0 = Release|x64
		{ECA209EE-01F5-3B26-88E5-B86435577B54}.MinSizeRel|x64.ActiveCfg = MinSizeRel|x64
		{ECA209EE-01F5-3B26-88E5-B86435577B54}.MinSizeRel|x64.Build.0 = MinSizeRel|x64
		{ECA209EE-01F5-3B26-88E5-B86435577B54}.RelWithDebInfo|x64.ActiveCfg = RelWithDebInfo|x64
		{ECA209EE-01F5-3B26-88E5-B86435577B54}.RelWithDebInfo|x64.Build.0 = RelWithDebInfo|x64
		{2C8424D6-5B43-3B7A-8392-670859EFFBEB}.Release|x64.ActiveCfg = Release|x64
		{2C8424D6-5B43-3B7A-8392-670859EFFBEB}.Release|x64.Build.0 = Release|x64
		{2C8424D6-5B43-3B7A-8392-670859EFFBEB}.MinSizeRel|x64.ActiveCfg = MinSizeRel|x64
		{2C8424D6-5B43-3B7A-8392-670859EFFBEB}.MinSizeRel|x64.Build.0 = MinSizeRel|x64
		{2C8424D6-5B43-3B7A-8392-670859EFFBEB}.RelWithDebInfo|x64.ActiveCfg = RelWithDebInfo|x64
		{2C8424D6-5B43-3B7A-8392-670859EFFBEB}.RelWithDebInfo|x64.Build.0 = RelWithDebInfo|x64
		{0FCE9235-B7B8-31F2-BF08-0AE621DE0CF7}.Release|x64.ActiveCfg = Release|x64
		{0FCE9235-B7B8-31F2-BF08-0AE621DE0CF7}.Release|x64.Build.0 = Release|x64
		{0FCE9235-B7B8-31F2-BF08-0AE621DE0CF7}.MinSizeRel|x64.ActiveCfg = MinSizeRel|x64
		{0FCE9235-B7B8-31F2-BF08-0AE621DE0CF7}.MinSizeRel|x64.Build.0 = MinSizeRel|x64
		{0FCE9235-B7B8-31F2-BF08-0AE621DE0CF7}.RelWithDebInfo|x64.ActiveCfg = RelWithDebInfo|x64
		{0FCE9235-B7B8-31F2-BF08-0AE621DE0CF7}.RelWithDebInfo|x64.Build.0 = RelWithDebInfo|x64
		{900D5F87-3EE5-330B-AA75-BE90244FBC3F}.Release|x64.ActiveCfg = Release|x64
		{900D5F87-3EE5-330B-AA75-BE90244FBC3F}.Release|x64.Build.0 = Release|x64
		{900D5F87-3EE5-330B-AA75-BE90244FBC3F}.MinSizeRel|x64.ActiveCfg = MinSizeRel|x64
		{900D5F87-3EE5-330B-AA75-BE90244FBC3F}.MinSizeRel|x64.Build.0 = MinSizeRel|x64
		{900D5F87-3EE5-330B-AA75-BE90244FBC3F}.RelWithDebInfo|x64.ActiveCfg = RelWithDebInfo|x64
		{900D5F87-3EE5-330B-AA75-BE90244FBC3F}.RelWithDebInfo|x64.Build.0 = RelWithDebInfo|x64
		{F3163D4D-6ADF-3200-81B8-70822F11070F}.Release|x64.ActiveCfg = Release|x64
		{F3163D4D-6ADF-3200-81B8-70822F11070F}.Release|x64.Build.0 = Release|x64
		{F3163D4D-6ADF-3200-81B8-70822F11070F}.MinSizeRel|x64.ActiveCfg = MinSizeRel|x64
		{F3163D4D-6ADF-3200-81B8-70822F11070F}.MinSizeRel|x64.Build.0 = MinSizeRel|x64
		{F3163D4D-6ADF-3200-81B8-70822F11070F}.RelWithDebInfo|x64.ActiveCfg = RelWithDebInfo|x64
		{F3163D4D-6ADF-3200-81B8-70822F11070F}.RelWithDebInfo|x64.Build.0 = RelWithDebInfo|x64
		{5A579ABD-CA0B-3CDF-982C-A6681562DCA2}.Release|x64.ActiveCfg = Release|x64
		{5A579ABD-CA0B-3CDF-982C-A6681562DCA2}.Release|x64.Build.0 = Release|x64
		{5A579ABD-CA0B-3CDF-982C-A6681562DCA2}.MinSizeRel|x64.ActiveCfg = MinSizeRel|x64
		{5A579ABD-CA0B-3CDF-982C-A6681562DCA2}.MinSizeRel|x64.Build.0 = MinSizeRel|x64
		{5A579ABD-CA0B-3CDF-982C-A6681562DCA2}.RelWithDebInfo|x64.ActiveCfg = RelWithDebInfo|x64
		{5A579ABD-CA0B-3CDF-982C-A6681562DCA2}.RelWithDebInfo|x64.Build.0 = RelWithDebInfo|x64
		{3675D6F9-4266-3DC0-A1FB-D3E4A2CCD3D9}.Release|x64.ActiveCfg = Release|x64
		{3675D6F9-4266-3DC0-A1FB-D3E4A2CCD3D9}.Release|x64.Build.0 = Release|x64
		{3675D6F9-4266-3DC0-A1FB-D3E4A2CCD3D9}.MinSizeRel|x64.ActiveCfg = MinSizeRel|x64
		{3675D6F9-4266-3DC0-A1FB-D3E4A2CCD3D9}.MinSizeRel|x64.Build.0 = MinSizeRel|x64
		{3675D6F9-4266-3DC0-A1FB-D3E4A2CCD3D9}.RelWithDebInfo|x64.ActiveCfg = RelWithDebInfo|x64
		{3675D6F9-4266-3DC0-A1FB-D3E4A2CCD3D9}.RelWithDebInfo|x64.Build.0 = RelWithDebInfo|x64
		{3FBC7C75-0D3D-3A8E-ADB6-33C7DF66C6B2}.Release|x64.ActiveCfg = Release|x64
		{3FBC7C75-0D3D-3A8E-ADB6-33C7DF66C6B2}.Release|x64.Build.0 = Release|x64
		{3FBC7C75-0D3D-3A8E-ADB6-33C7DF66C6B2}.MinSizeRel|x64.ActiveCfg = MinSizeRel|x64
		{3FBC7C75-0D3D-3A8E-ADB6-33C7DF66C6B2}.MinSizeRel|x64.Build.0 = MinSizeRel|x64
		{3FBC7C75-0D3D-3A8E-ADB6-33C7DF66C6B2}.RelWithDebInfo|x64.ActiveCfg = RelWithDebInfo|x64
		{3FBC7C75-0D3D-3A8E-ADB6-33C7DF66C6B2}.RelWithDebInfo|x64.Build.0 = RelWithDebInfo|x64
		{CFC962BA-C380-37B1-AC2E-0C15DCD4D99B}.Release|x64.ActiveCfg = Release|x64
		{CFC962BA-C380-37B1-AC2E-0C15DCD4D99B}.Release|x64.Build.0 = Release|x64
		{CFC962BA-C380-37B1-AC2E-0C15DCD4D99B}.MinSizeRel|x64.ActiveCfg = MinSizeRel|x64
		{CFC962BA-C380-37B1-AC2E-0C15DCD4D99B}.MinSizeRel|x64.Build.0 = MinSizeRel|x64
		{CFC962BA-C380-37B1-AC2E-0C15DCD4D99B}.RelWithDebInfo|x64.ActiveCfg = RelWithDebInfo|x64
		{CFC962BA-C380-37B1-AC2E-0C15DCD4D99B}.RelWithDebInfo|x64.Build.0 = RelWithDebInfo|x64
		{3D4EA00B-D5E7-39D8-BCC8-0A744A1C23F3}.Release|x64.ActiveCfg = Release|x64
		{3D4EA00B-D5E7-39D8-BCC8-0A744A1C23F3}.Release|x64.Build.0 = Release|x64
		{3D4EA00B-D5E7-39D8-BCC8-0A744A1C23F3}.MinSizeRel|x64.ActiveCfg = MinSizeRel|x64
		{3D4EA00B-D5E7-39D8-BCC8-0A744A1C23F3}.MinSizeRel|x64.Build.0 = MinSizeRel|x64
		{3D4EA00B-D5E7-39D8-BCC8-0A744A1C23F3}.RelWithDebInfo|x64.ActiveCfg = RelWithDebInfo|x64
		{3D4EA00B-D5E7-39D8-BCC8-0A744A1C23F3}.RelWithDebInfo|x64.Build.0 = RelWithDebInfo|x64
		{BB0A485C-11DF-3EEA-A619-0D99E75870DE}.Release|x64.ActiveCfg = Release|x64
		{BB0A485C-11DF-3EEA-A619-0D99E75870DE}.Release|x64.Build.0 = Release|x64
		{BB0A485C-11DF-3EEA-A619-0D99E75870DE}.MinSizeRel|x64.ActiveCfg = MinSizeRel|x64
		{BB0A485C-11DF-3EEA-A619-0D99E75870DE}.MinSizeRel|x64.Build.0 = MinSizeRel|x64
		{BB0A485C-11DF-3EEA-A619-0D99E75870DE}.RelWithDebInfo|x64.ActiveCfg = RelWithDebInfo|x64
		{BB0A485C-11DF-3EEA-A619-0D99E75870DE}.RelWithDebInfo|x64.Build.0 = RelWithDebInfo|x64
		{1977D1DF-5AC0-3129-A491-206C79E37037}.Release|x64.ActiveCfg = Release|x64
		{1977D1DF-5AC0-3129-A491-206C79E37037}.Release|x64.Build.0 = Release|x64
		{1977D1DF-5AC0-3129-A491-206C79E37037}.MinSizeRel|x64.ActiveCfg = MinSizeRel|x64
		{1977D1DF-5AC0-3129-A491-206C79E37037}.MinSizeRel|x64.Build.0 = MinSizeRel|x64
		{1977D1DF-5AC0-3129-A491-206C79E37037}.RelWithDebInfo|x64.ActiveCfg = RelWithDebInfo|x64
		{1977D1DF-5AC0-3129-A491-206C79E37037}.RelWithDebInfo|x64.Build.0 = RelWithDebInfo|x64
		{D26C18F4-6041-3553-B0A4-F8F1E5F777A4}.Release|x64.ActiveCfg = Release|x64
		{D26C18F4-6041-3553-B0A4-F8F1E5F777A4}.Release|x64.Build.0 = Release|x64
		{D26C18F4-6041-3553-B0A4-F8F1E5F777A4}.MinSizeRel|x64.ActiveCfg = MinSizeRel|x64
		{D26C18F4-6041-3553-B0A4-F8F1E5F777A4}.MinSizeRel|x64.Build.0 = MinSizeRel|x64
		{D26C18F4-6041-3553-B0A4-F8F1E5F777A4}.RelWithDebInfo|x64.ActiveCfg = RelWithDebInfo|x64
		{D26C18F4-6041-3553-B0A4-F8F1E5F777A4}.RelWithDebInfo|x64.Build.0 = RelWithDebInfo|x64
		{65DEA15C-A1B1-3A73-B5A2-FBC13C7F0F60}.Release|x64.ActiveCfg = Release|x64
		{65DEA15C-A1B1-3A73-B5A2-FBC13C7F0F60}.Release|x64.Build.0 = Release|x64
		{65DEA15C-A1B1-3A73-B5A2-FBC13C7F0F60}.MinSizeRel|x64.ActiveCfg = MinSizeRel|x64
		{65DEA15C-A1B1-3A73-B5A2-FBC13C7F0F60}.MinSizeRel|x64.Build.0 = MinSizeRel|x64
		{65DEA15C-A1B1-3A73-B5A2-FBC13C7F0F60}.RelWithDebInfo|x64.ActiveCfg = RelWithDebInfo|x64
		{65DEA15C-A1B1-3A73-B5A2-FBC13C7F0F60}.RelWithDebInfo|x64.Build.0 = RelWithDebInfo|x64
		{CF7DC8CC-38E3-36B9-9D2F-56443415A331}.Release|x64.ActiveCfg = Release|x64
		{CF7DC8CC-38E3-36B9-9D2F-56443415A331}.Release|x64.Build.0 = Release|x64
		{CF7DC8CC-38E3-36B9-9D2F-56443415A331}.MinSizeRel|x64.ActiveCfg = MinSizeRel|x64
		{CF7DC8CC-38E3-36B9-9D2F-56443415A331}.MinSizeRel|x64.Build.0 = MinSizeRel|x64
		{CF7DC8CC-38E3-36B9-9D2F-56443415A331}.RelWithDebInfo|x64.ActiveCfg = RelWithDebInfo|x64
		{CF7DC8CC-38E3-36B9-9D2F-56443415A331}.RelWithDebInfo|x64.Build.0 = RelWithDebInfo|x64
		{0CC99382-C475-31BD-98E3-1A8E743B26F1}.Release|x64.ActiveCfg = Release|x64
		{0CC99382-C475-31BD-98E3-1A8E743B26F1}.Release|x64.Build.0 = Release|x64
		{0CC99382-C475-31BD-98E3-1A8E743B26F1}.MinSizeRel|x64.ActiveCfg = MinSizeRel|x64
		{0CC99382-C475-31BD-98E3-1A8E743B26F1}.MinSizeRel|x64.Build.0 = MinSizeRel|x64
		{0CC99382-C475-31BD-98E3-1A8E743B26F1}.RelWithDebInfo|x64.ActiveCfg = RelWithDebInfo|x64
		{0CC99382-C475-31BD-98E3-1A8E743B26F1}.RelWithDebInfo|x64.Build.0 = RelWithDebInfo|x64
		{61B86B79-6D56-3C79-9158-19CBB71214C8}.Release|x64.ActiveCfg = Release|x64
		{61B86B79-6D56-3C79-9158-19CBB71214C8}.Release|x64.Build.0 = Release|x64
		{61B86B79-6D56-3C79-9158-19CBB71214C8}.MinSizeRel|x64.ActiveCfg = MinSizeRel|x64
		{61B86B79-6D56-3C79-9158-19CBB71214C8}.MinSizeRel|x64.Build.0 = MinSizeRel|x64
		{61B86B79-6D56-3C79-9158-19CBB71214C8}.RelWithDebInfo|x64.ActiveCfg = RelWithDebInfo|x64
		{61B86B79-6D56-3C79-9158-19CBB71214C8}.RelWithDebInfo|x64.Build.0 = RelWithDebInfo|x64
		{F2DE27EE-8E1C-39FF-A4DF-6EA247B15609}.Release|x64.ActiveCfg = Release|x64
		{F2DE27EE-8E1C-39FF-A4DF-6EA247B15609}.Release|x64.Build.0 = Release|x64
		{F2DE27EE-8E1C-39FF-A4DF-6EA247B15609}.MinSizeRel|x64.ActiveCfg = MinSizeRel|x64
		{F2DE27EE-8E1C-39FF-A4DF-6EA247B15609}.MinSizeRel|x64.Build.0 = MinSizeRel|x64
		{F2DE27EE-8E1C-39FF-A4DF-6EA247B15609}.RelWithDebInfo|x64.ActiveCfg = RelWithDebInfo|x64
		{F2DE27EE-8E1C-39FF-A4DF-6EA247B15609}.RelWithDebInfo|x64.Build.0 = RelWithDebInfo|x64
		{1C211F06-5FC6-37A6-8CC0-4E9562810415}.Release|x64.ActiveCfg = Release|x64
		{1C211F06-5FC6-37A6-8CC0-4E9562810415}.Release|x64.Build.0 = Release|x64
		{1C211F06-5FC6-37A6-8CC0-4E9562810415}.MinSizeRel|x64.ActiveCfg = MinSizeRel|x64
		{1C211F06-5FC6-37A6-8CC0-4E9562810415}.MinSizeRel|x64.Build.0 = MinSizeRel|x64
		{1C211F06-5FC6-37A6-8CC0-4E9562810415}.RelWithDebInfo|x64.ActiveCfg = RelWithDebInfo|x64
		{1C211F06-5FC6-37A6-8CC0-4E9562810415}.RelWithDebInfo|x64.Build.0 = RelWithDebInfo|x64
		{110C680C-289C-3A95-8AEF-2063EF4F325C}.Release|x64.ActiveCfg = Release|x64
		{110C680C-289C-3A95-8AEF-2063EF4F325C}.Release|x64.Build.0 = Release|x64
		{110C680C-289C-3A95-8AEF-2063EF4F325C}.MinSizeRel|x64.ActiveCfg = MinSizeRel|x64
		{110C680C-289C-3A95-8AEF-2063EF4F325C}.MinSizeRel|x64.Build.0 = MinSizeRel|x64
		{110C680C-289C-3A95-8AEF-2063EF4F325C}.RelWithDebInfo|x64.ActiveCfg = RelWithDebInfo|x64
		{110C680C-289C-3A95-8AEF-2063EF4F325C}.RelWithDebInfo|x64.Build.0 = RelWithDebInfo|x64
		{1D5E4C40-8583-3517-BEB7-8E502CFA6C3A}.Release|x64.ActiveCfg = Release|x64
		{1D5E4C40-8583-3517-BEB7-8E502CFA6C3A}.Release|x64.Build.0 = Release|x64
		{1D5E4C40-8583-3517-BEB7-8E502CFA6C3A}.MinSizeRel|x64.ActiveCfg = MinSizeRel|x64
		{1D5E4C40-8583-3517-BEB7-8E502CFA6C3A}.MinSizeRel|x64.Build.0 = MinSizeRel|x64
		{1D5E4C40-8583-3517-BEB7-8E502CFA6C3A}.RelWithDebInfo|x64.ActiveCfg = RelWithDebInfo|x64
		{1D5E4C40-8583-3517-BEB7-8E502CFA6C3A}.RelWithDebInfo|x64.Build.0 = RelWithDebInfo|x64
		{0A2ECCE6-F09B-3EA8-9608-260490C45292}.Release|x64.ActiveCfg = Release|x64
		{0A2ECCE6-F09B-3EA8-9608-260490C45292}.Release|x64.Build.0 = Release|x64
		{0A2ECCE6-F09B-3EA8-9608-260490C45292}.MinSizeRel|x64.ActiveCfg = MinSizeRel|x64
		{0A2ECCE6-F09B-3EA8-9608-260490C45292}.MinSizeRel|x64.Build.0 = MinSizeRel|x64
		{0A2ECCE6-F09B-3EA8-9608-260490C45292}.RelWithDebInfo|x64.ActiveCfg = RelWithDebInfo|x64
		{0A2ECCE6-F09B-3EA8-9608-260490C45292}.RelWithDebInfo|x64.Build.0 = RelWithDebInfo|x64
		{8A8C34A1-A8DF-3E88-8D30-2EE03C32D8C7}.Release|x64.ActiveCfg = Release|x64
		{8A8C34A1-A8DF-3E88-8D30-2EE03C32D8C7}.Release|x64.Build.0 = Release|x64
		{8A8C34A1-A8DF-3E88-8D30-2EE03C32D8C7}.MinSizeRel|x64.ActiveCfg = MinSizeRel|x64
		{8A8C34A1-A8DF-3E88-8D30-2EE03C32D8C7}.MinSizeRel|x64.Build.0 = MinSizeRel|x64
		{8A8C34A1-A8DF-3E88-8D30-2EE03C32D8C7}.RelWithDebInfo|x64.ActiveCfg = RelWithDebInfo|x64
		{8A8C34A1-A8DF-3E88-8D30-2EE03C32D8C7}.RelWithDebInfo|x64.Build.0 = RelWithDebInfo|x64
	EndGlobalSection
	GlobalSection(NestedProjects) = preSolution
		{6EE29ED6-A195-39D5-8A18-A64C36831DB3} = {8177F4BC-4B55-3373-85A4-A93608BD0C09}
		{D9A898A2-EA75-324E-B233-2C2AF0F61408} = {8177F4BC-4B55-3373-85A4-A93608BD0C09}
		{BE97B066-C0FA-329E-9BD1-7343E832883C} = {8177F4BC-4B55-3373-85A4-A93608BD0C09}
	EndGlobalSection
	GlobalSection(ExtensibilityGlobals) = postSolution
		SolutionGuid = {F3A22EF6-96B8-3593-B882-4ACA801A7652}
	EndGlobalSection
	GlobalSection(ExtensibilityAddIns) = postSolution
	EndGlobalSection
EndGlobal
