Microsoft Visual Studio Solution File, Format Version 12.00
# Visual Studio 14
Project("{2150E333-8FDC-42A3-9474-1A3956D46DE8}") = "CMakePredefinedTargets", "CMakePredefinedTargets", "{8177F4BC-4B55-3373-85A4-A93608BD0C09}"
EndProject
Project("{2150E333-8FDC-42A3-9474-1A3956D46DE8}") = "Examples", "Examples", "{6A10BD42-2067-3742-B3AA-2B898FF1DB1C}"
EndProject
Project("{8BC9CEB8-8B4A-11D0-8D11-00A0C91BC942}") = "ALL_BUILD", "ALL_BUILD.vcxproj", "{6EE29ED6-A195-39D5-8A18-A64C36831DB3}"
	ProjectSection(ProjectDependencies) = postProject
		{BE97B066-C0FA-329E-9BD1-7343E832883C} = {BE97B066-C0FA-329E-9BD1-7343E832883C}
		{2BEF5011-DF2E-30DC-A2CC-DE3E6E3B2878} = {2BEF5011-DF2E-30DC-A2CC-DE3E6E3B2878}
		{6EAEB6B6-46CC-345D-AF0E-F66F939D8EBD} = {6EAEB6B6-46CC-345D-AF0E-F66F939D8EBD}
		{83038559-1E3C-3A48-91CC-61E67E83CCCA} = {83038559-1E3C-3A48-91CC-61E67E83CCCA}
		{B5CE47A3-B050-367D-98BF-0C80A3EE5DD3} = {B5CE47A3-B050-367D-98BF-0C80A3EE5DD3}
		{310BB9D9-043B-36FC-964B-2BC78B57124B} = {310BB9D9-043B-36FC-964B-2BC78B57124B}
		{708CA789-3B85-31B0-A5D9-6BC93E1EE8A4} = {708CA789-3B85-31B0-A5D9-6BC93E1EE8A4}
		{59DFFF26-7C88-378E-BE8C-D1C2758F0F56} = {59DFFF26-7C88-378E-BE8C-D1C2758F0F56}
		{29D9D7B9-FE12-33E7-B98B-0ED4BDD315A3} = {29D9D7B9-FE12-33E7-B98B-0ED4BDD315A3}
		{6708C611-C193-3A27-B6AB-610F3337F8AF} = {6708C611-C193-3A27-B6AB-610F3337F8AF}
		{AD0063E0-0C18-312B-990F-6C2024784913} = {AD0063E0-0C18-312B-990F-6C2024784913}
		{432D6CB5-947B-3D8C-B1FE-A1862289DF99} = {432D6CB5-947B-3D8C-B1FE-A1862289DF99}
		{AA14D8E0-54DF-3824-89D2-62F0085AA11B} = {AA14D8E0-54DF-3824-89D2-62F0085AA11B}
		{3AF4B4EF-6C32-393A-899D-629DF0C71279} = {3AF4B4EF-6C32-393A-899D-629DF0C71279}
		{641E58CF-94CB-368F-8D6E-6A91B78A3009} = {641E58CF-94CB-368F-8D6E-6A91B78A3009}
		{D650894E-B298-3E92-B051-15FB2B44B14B} = {D650894E-B298-3E92-B051-15FB2B44B14B}
		{D9088920-2652-389D-A3C5-C3F4CD381E32} = {D9088920-2652-389D-A3C5-C3F4CD381E32}
		{F046FF05-3D32-3990-BEDB-6D5A724C37A5} = {F046FF05-3D32-3990-BEDB-6D5A724C37A5}
		{DEEE103A-0046-3D41-A305-7672EF2EC3AA} = {DEEE103A-0046-3D41-A305-7672EF2EC3AA}
		{1A059A5F-B9E6-36A8-96EE-B7B2A8834006} = {1A059A5F-B9E6-36A8-96EE-B7B2A8834006}
		{1761C1BB-2A03-3AEB-8420-8833358C7AD9} = {1761C1BB-2A03-3AEB-8420-8833358C7AD9}
		{DC2C81C3-104F-3C5C-BAAC-1570E4BE9800} = {DC2C81C3-104F-3C5C-BAAC-1570E4BE9800}
		{59DA2DF7-882F-3323-815C-52B9BE362F85} = {59DA2DF7-882F-3323-815C-52B9BE362F85}
		{167F45FB-74BE-3CE6-8B16-9769887D65C8} = {167F45FB-74BE-3CE6-8B16-9769887D65C8}
		{70EAAB56-CCA6-3153-948B-1DDFDF81D52E} = {70EAAB56-CCA6-3153-948B-1DDFDF81D52E}
		{363264AE-F1FA-3A38-9791-52C3FC18B226} = {363264AE-F1FA-3A38-9791-52C3FC18B226}
		{A071CC95-2F1D-38F9-A66E-20E5745D2CE0} = {A071CC95-2F1D-38F9-A66E-20E5745D2CE0}
		{125180DB-1BE2-3546-9B4B-01B158E530F4} = {125180DB-1BE2-3546-9B4B-01B158E530F4}
		{728C6570-81EB-30E4-8F74-7DC85A125844} = {728C6570-81EB-30E4-8F74-7DC85A125844}
		{367CC118-D02E-37E9-AF62-0C49820A6D81} = {367CC118-D02E-37E9-AF62-0C49820A6D81}
		{127DF91C-4839-3D71-8FBC-AAED4D59B973} = {127DF91C-4839-3D71-8FBC-AAED4D59B973}
		{2C591BB5-3BEC-3E69-A70D-B35071C06D0F} = {2C591BB5-3BEC-3E69-A70D-B35071C06D0F}
		{B0E9D8A4-6C1C-3E20-BAB2-D59C846E9A8C} = {B0E9D8A4-6C1C-3E20-BAB2-D59C846E9A8C}
		{C2F08333-AB1A-30A0-AE37-317CFDAB5049} = {C2F08333-AB1A-30A0-AE37-317CFDAB5049}
		{7DFC631A-DECD-3084-8803-1E90BECAA27A} = {7DFC631A-DECD-3084-8803-1E90BECAA27A}
		{47798038-ADA5-3E04-A863-2B0AA5615149} = {47798038-ADA5-3E04-A863-2B0AA5615149}
		{B7998074-A15D-331B-91DC-F9752F0C7D98} = {B7998074-A15D-331B-91DC-F9752F0C7D98}
		{250326EF-E377-36A7-8E33-3A0022B130CE} = {250326EF-E377-36A7-8E33-3A0022B130CE}
		{8E2F9EBF-9D15-39C6-8E63-6EE7C34346BF} = {8E2F9EBF-9D15-39C6-8E63-6EE7C34346BF}
		{FB9BD2C4-585B-3B4A-904F-BEED1F8989B1} = {FB9BD2C4-585B-3B4A-904F-BEED1F8989B1}
		{9E12FB53-5306-321D-9398-36C5A4745453} = {9E12FB53-5306-321D-9398-36C5A4745453}
		{4DEA82A2-BF0B-3C06-8DDF-76A5441C0098} = {4DEA82A2-BF0B-3C06-8DDF-76A5441C0098}
		{E1B67995-0847-3742-8069-9EBF1FC1B3ED} = {E1B67995-0847-3742-8069-9EBF1FC1B3ED}
		{58AC667D-A273-3012-B8CB-F538AEDE3181} = {58AC667D-A273-3012-B8CB-F538AEDE3181}
		{604118BD-04A8-3FC3-AC7B-10F8D72F9D25} = {604118BD-04A8-3FC3-AC7B-10F8D72F9D25}
		{8DDF4E1D-1B92-3B33-A51A-6379DD2620AE} = {8DDF4E1D-1B92-3B33-A51A-6379DD2620AE}
		{A61FB19F-3A69-3817-9262-BFF5585BB28C} = {A61FB19F-3A69-3817-9262-BFF5585BB28C}
		{6B81318C-201C-3932-B9BE-9EB926223CF2} = {6B81318C-201C-3932-B9BE-9EB926223CF2}
		{3EC71E6E-87B5-3E54-A66C-875D4ACFE01B} = {3EC71E6E-87B5-3E54-A66C-875D4ACFE01B}
		{AEAB668D-A7FF-30AC-B551-D8E422EC7477} = {AEAB668D-A7FF-30AC-B551-D8E422EC7477}
		{EB3070E2-7D62-3E61-BE97-18F51E90DA95} = {EB3070E2-7D62-3E61-BE97-18F51E90DA95}
		{05D41DAB-E979-3AE4-94FE-D3AB3590C842} = {05D41DAB-E979-3AE4-94FE-D3AB3590C842}
		{307D1BCE-1808-380B-B817-F8D6FFAB5AF0} = {307D1BCE-1808-380B-B817-F8D6FFAB5AF0}
		{060C0E82-8945-3D65-A263-E783998044DF} = {060C0E82-8945-3D65-A263-E783998044DF}
		{4FD34CAB-9334-3961-B5BD-C020B7AB86EB} = {4FD34CAB-9334-3961-B5BD-C020B7AB86EB}
		{9DE635B6-1B83-3F04-B086-3BAD17C13421} = {9DE635B6-1B83-3F04-B086-3BAD17C13421}
		{754DA024-5721-30AC-985A-5593494AD009} = {754DA024-5721-30AC-985A-5593494AD009}
		{DDB425BF-AC46-3F80-83DB-B45D2A3929F3} = {DDB425BF-AC46-3F80-83DB-B45D2A3929F3}
		{3EBB9E22-C4A8-3F6C-B691-1E79169CF70E} = {3EBB9E22-C4A8-3F6C-B691-1E79169CF70E}
		{A4B60BB4-131F-33E9-9380-661C001C9E24} = {A4B60BB4-131F-33E9-9380-661C001C9E24}
		{C86C0362-94F8-3874-B2D3-0B29DB301263} = {C86C0362-94F8-3874-B2D3-0B29DB301263}
		{C0FA6506-76ED-3BED-909D-D347FF8CB826} = {C0FA6506-76ED-3BED-909D-D347FF8CB826}
		{3E57063D-3E15-33B6-A086-839F3F742B08} = {3E57063D-3E15-33B6-A086-839F3F742B08}
		{F72FC20A-528B-350D-8AB6-C433D73ACA8E} = {F72FC20A-528B-350D-8AB6-C433D73ACA8E}
		{D785EA88-549A-3EC6-AF65-D570281CE047} = {D785EA88-549A-3EC6-AF65-D570281CE047}
		{C5790E38-8B1B-3A82-9179-852AEDEEAF63} = {C5790E38-8B1B-3A82-9179-852AEDEEAF63}
		{78123810-B000-35EF-9B53-B200266C0498} = {78123810-B000-35EF-9B53-B200266C0498}
		{30CA808B-F906-3F1E-8F52-B71AA92E6176} = {30CA808B-F906-3F1E-8F52-B71AA92E6176}
		{07C640E1-C1D5-3017-8909-8593061F56BF} = {07C640E1-C1D5-3017-8909-8593061F56BF}
		{A3963120-61A0-3D2F-9DDA-9E39F81A478C} = {A3963120-61A0-3D2F-9DDA-9E39F81A478C}
		{CED458EE-C6CA-3776-B948-50F29CDA8158} = {CED458EE-C6CA-3776-B948-50F29CDA8158}
		{034F42C6-3FDD-306C-AA4E-4C4453E6CA31} = {034F42C6-3FDD-306C-AA4E-4C4453E6CA31}
		{ECA209EE-01F5-3B26-88E5-B86435577B54} = {ECA209EE-01F5-3B26-88E5-B86435577B54}
		{2C8424D6-5B43-3B7A-8392-670859EFFBEB} = {2C8424D6-5B43-3B7A-8392-670859EFFBEB}
		{0FCE9235-B7B8-31F2-BF08-0AE621DE0CF7} = {0FCE9235-B7B8-31F2-BF08-0AE621DE0CF7}
		{900D5F87-3EE5-330B-AA75-BE90244FBC3F} = {900D5F87-3EE5-330B-AA75-BE90244FBC3F}
		{F3163D4D-6ADF-3200-81B8-70822F11070F} = {F3163D4D-6ADF-3200-81B8-70822F11070F}
		{5A579ABD-CA0B-3CDF-982C-A6681562DCA2} = {5A579ABD-CA0B-3CDF-982C-A6681562DCA2}
		{3675D6F9-4266-3DC0-A1FB-D3E4A2CCD3D9} = {3675D6F9-4266-3DC0-A1FB-D3E4A2CCD3D9}
		{3FBC7C75-0D3D-3A8E-ADB6-33C7DF66C6B2} = {3FBC7C75-0D3D-3A8E-ADB6-33C7DF66C6B2}
		{CFC962BA-C380-37B1-AC2E-0C15DCD4D99B} = {CFC962BA-C380-37B1-AC2E-0C15DCD4D99B}
		{3D4EA00B-D5E7-39D8-BCC8-0A744A1C23F3} = {3D4EA00B-D5E7-39D8-BCC8-0A744A1C23F3}
		{BB0A485C-11DF-3EEA-A619-0D99E75870DE} = {BB0A485C-11DF-3EEA-A619-0D99E75870DE}
		{1977D1DF-5AC0-3129-A491-206C79E37037} = {1977D1DF-5AC0-3129-A491-206C79E37037}
		{D26C18F4-6041-3553-B0A4-F8F1E5F777A4} = {D26C18F4-6041-3553-B0A4-F8F1E5F777A4}
		{65DEA15C-A1B1-3A73-B5A2-FBC13C7F0F60} = {65DEA15C-A1B1-3A73-B5A2-FBC13C7F0F60}
		{CF7DC8CC-38E3-36B9-9D2F-56443415A331} = {CF7DC8CC-38E3-36B9-9D2F-56443415A331}
		{0CC99382-C475-31BD-98E3-1A8E743B26F1} = {0CC99382-C475-31BD-98E3-1A8E743B26F1}
		{61B86B79-6D56-3C79-9158-19CBB71214C8} = {61B86B79-6D56-3C79-9158-19CBB71214C8}
		{F2DE27EE-8E1C-39FF-A4DF-6EA247B15609} = {F2DE27EE-8E1C-39FF-A4DF-6EA247B15609}
		{1C211F06-5FC6-37A6-8CC0-4E9562810415} = {1C211F06-5FC6-37A6-8CC0-4E9562810415}
		{110C680C-289C-3A95-8AEF-2063EF4F325C} = {110C680C-289C-3A95-8AEF-2063EF4F325C}
		{1D5E4C40-8583-3517-BEB7-8E502CFA6C3A} = {1D5E4C40-8583-3517-BEB7-8E502CFA6C3A}
		{0A2ECCE6-F09B-3EA8-9608-260490C45292} = {0A2ECCE6-F09B-3EA8-9608-260490C45292}
		{8A8C34A1-A8DF-3E88-8D30-2EE03C32D8C7} = {8A8C34A1-A8DF-3E88-8D30-2EE03C32D8C7}
		{3D150462-040C-3E5E-9A48-74E07BC95A28} = {3D150462-040C-3E5E-9A48-74E07BC95A28}
		{73109BE2-A7CA-3D63-8FBF-C18050AD4856} = {73109BE2-A7CA-3D63-8FBF-C18050AD4856}
		{12AD1E48-5B26-3647-9D60-E36E8EDF100B} = {12AD1E48-5B26-3647-9D60-E36E8EDF100B}
		{9CD011AE-E0D0-31DD-9C80-74B9D05CE83B} = {9CD011AE-E0D0-31DD-9C80-74B9D05CE83B}
		{E2FADE23-7CC9-3B94-94F9-FF848FCC2695} = {E2FADE23-7CC9-3B94-94F9-FF848FCC2695}
		{20F2F179-6AB4-3976-A857-B8D84706C7B8} = {20F2F179-6AB4-3976-A857-B8D84706C7B8}
		{A86172A8-7D7F-382E-BE12-B6C6A5456125} = {A86172A8-7D7F-382E-BE12-B6C6A5456125}
		{6AC25896-A709-35E2-B6EA-3DB455722EE7} = {6AC25896-A709-35E2-B6EA-3DB455722EE7}
		{A285B7A4-64CC-31B9-B5A7-B65211F4B565} = {A285B7A4-64CC-31B9-B5A7-B65211F4B565}
		{B610A13E-6CB6-3F86-A9A9-85B83A76F379} = {B610A13E-6CB6-3F86-A9A9-85B83A76F379}
		{9F7516E9-5BD5-32C7-9DF5-34E466A9C68B} = {9F7516E9-5BD5-32C7-9DF5-34E466A9C68B}
	EndProjectSection
EndProject
Project("{8BC9CEB8-8B4A-11D0-8D11-00A0C91BC942}") = "INSTALL", "INSTALL.vcxproj", "{D9A898A2-EA75-324E-B233-2C2AF0F61408}"
	ProjectSection(ProjectDependencies) = postProject
		{6EE29ED6-A195-39D5-8A18-A64C36831DB3} = {6EE29ED6-A195-39D5-8A18-A64C36831DB3}
		{BE97B066-C0FA-329E-9BD1-7343E832883C} = {BE97B066-C0FA-329E-9BD1-7343E832883C}
	EndProjectSection
EndProject
Project("{8BC9CEB8-8B4A-11D0-8D11-00A0C91BC942}") = "RUN_TESTS", "RUN_TESTS.vcxproj", "{CC2B3FF8-CFFB-3023-ACC8-0278FF8F8E84}"
	ProjectSection(ProjectDependencies) = postProject
		{BE97B066-C0FA-329E-9BD1-7343E832883C} = {BE97B066-C0FA-329E-9BD1-7343E832883C}
	EndProjectSection
EndProject
Project("{8BC9CEB8-8B4A-11D0-8D11-00A0C91BC942}") = "ZERO_CHECK", "ZERO_CHECK.vcxproj", "{BE97B066-C0FA-329E-9BD1-7343E832883C}"
	ProjectSection(ProjectDependencies) = postProject
	EndProjectSection
EndProject
Project("{8BC9CEB8-8B4A-11D0-8D11-00A0C91BC942}") = "ark_KrylovDemo_prec", "examples\arkode\C_serial\ark_KrylovDemo_prec.vcxproj", "{2BEF5011-DF2E-30DC-A2CC-DE3E6E3B2878}"
	ProjectSection(ProjectDependencies) = postProject
		{BE97B066-C0FA-329E-9BD1-7343E832883C} = {BE97B066-C0FA-329E-9BD1-7343E832883C}
		{C0FA6506-76ED-3BED-909D-D347FF8CB826} = {C0FA6506-76ED-3BED-909D-D347FF8CB826}
		{2C8424D6-5B43-3B7A-8392-670859EFFBEB} = {2C8424D6-5B43-3B7A-8392-670859EFFBEB}
	EndProjectSection
EndProject
Project("{8BC9CEB8-8B4A-11D0-8D11-00A0C91BC942}") = "ark_analytic", "examples\arkode\C_serial\ark_analytic.vcxproj", "{6EAEB6B6-46CC-345D-AF0E-F66F939D8EBD}"
	ProjectSection(ProjectDependencies) = postProject
		{BE97B066-C0FA-329E-9BD1-7343E832883C} = {BE97B066-C0FA-329E-9BD1-7343E832883C}
		{C0FA6506-76ED-3BED-909D-D347FF8CB826} = {C0FA6506-76ED-3BED-909D-D347FF8CB826}
		{2C8424D6-5B43-3B7A-8392-670859EFFBEB} = {2C8424D6-5B43-3B7A-8392-670859EFFBEB}
	EndProjectSection
EndProject
Project("{8BC9CEB8-8B4A-11D0-8D11-00A0C91BC942}") = "ark_analytic_nonlin", "examples\arkode\C_serial\ark_analytic_nonlin.vcxproj", "{83038559-1E3C-3A48-91CC-61E67E83CCCA}"
	ProjectSection(ProjectDependencies) = postProject
		{BE97B066-C0FA-329E-9BD1-7343E832883C} = {BE97B066-C0FA-329E-9BD1-7343E832883C}
		{C0FA6506-76ED-3BED-909D-D347FF8CB826} = {C0FA6506-76ED-3BED-909D-D347FF8CB826}
		{2C8424D6-5B43-3B7A-8392-670859EFFBEB} = {2C8424D6-5B43-3B7A-8392-670859EFFBEB}
	EndProjectSection
EndProject
Project("{8BC9CEB8-8B4A-11D0-8D11-00A0C91BC942}") = "ark_brusselator", "examples\arkode\C_serial\ark_brusselator.vcxproj", "{B5CE47A3-B050-367D-98BF-0C80A3EE5DD3}"
	ProjectSection(ProjectDependencies) = postProject
		{BE97B066-C0FA-329E-9BD1-7343E832883C} = {BE97B066-C0FA-329E-9BD1-7343E832883C}
		{C0FA6506-76ED-3BED-909D-D347FF8CB826} = {C0FA6506-76ED-3BED-909D-D347FF8CB826}
		{2C8424D6-5B43-3B7A-8392-670859EFFBEB} = {2C8424D6-5B43-3B7A-8392-670859EFFBEB}
	EndProjectSection
EndProject
Project("{8BC9CEB8-8B4A-11D0-8D11-00A0C91BC942}") = "ark_brusselator1D", "examples\arkode\C_serial\ark_brusselator1D.vcxproj", "{310BB9D9-043B-36FC-964B-2BC78B57124B}"
	ProjectSection(ProjectDependencies) = postProject
		{BE97B066-C0FA-329E-9BD1-7343E832883C} = {BE97B066-C0FA-329E-9BD1-7343E832883C}
		{C0FA6506-76ED-3BED-909D-D347FF8CB826} = {C0FA6506-76ED-3BED-909D-D347FF8CB826}
		{2C8424D6-5B43-3B7A-8392-670859EFFBEB} = {2C8424D6-5B43-3B7A-8392-670859EFFBEB}
	EndProjectSection
EndProject
Project("{8BC9CEB8-8B4A-11D0-8D11-00A0C91BC942}") = "ark_brusselator_fp", "examples\arkode\C_serial\ark_brusselator_fp.vcxproj", "{708CA789-3B85-31B0-A5D9-6BC93E1EE8A4}"
	ProjectSection(ProjectDependencies) = postProject
		{BE97B066-C0FA-329E-9BD1-7343E832883C} = {BE97B066-C0FA-329E-9BD1-7343E832883C}
		{C0FA6506-76ED-3BED-909D-D347FF8CB826} = {C0FA6506-76ED-3BED-909D-D347FF8CB826}
		{2C8424D6-5B43-3B7A-8392-670859EFFBEB} = {2C8424D6-5B43-3B7A-8392-670859EFFBEB}
	EndProjectSection
EndProject
Project("{8BC9CEB8-8B4A-11D0-8D11-00A0C91BC942}") = "ark_heat1D", "examples\arkode\C_serial\ark_heat1D.vcxproj", "{59DFFF26-7C88-378E-BE8C-D1C2758F0F56}"
	ProjectSection(ProjectDependencies) = postProject
		{BE97B066-C0FA-329E-9BD1-7343E832883C} = {BE97B066-C0FA-329E-9BD1-7343E832883C}
		{C0FA6506-76ED-3BED-909D-D347FF8CB826} = {C0FA6506-76ED-3BED-909D-D347FF8CB826}
		{2C8424D6-5B43-3B7A-8392-670859EFFBEB} = {2C8424D6-5B43-3B7A-8392-670859EFFBEB}
	EndProjectSection
EndProject
Project("{8BC9CEB8-8B4A-11D0-8D11-00A0C91BC942}") = "ark_heat1D_adapt", "examples\arkode\C_serial\ark_heat1D_adapt.vcxproj", "{29D9D7B9-FE12-33E7-B98B-0ED4BDD315A3}"
	ProjectSection(ProjectDependencies) = postProject
		{BE97B066-C0FA-329E-9BD1-7343E832883C} = {BE97B066-C0FA-329E-9BD1-7343E832883C}
		{C0FA6506-76ED-3BED-909D-D347FF8CB826} = {C0FA6506-76ED-3BED-909D-D347FF8CB826}
		{2C8424D6-5B43-3B7A-8392-670859EFFBEB} = {2C8424D6-5B43-3B7A-8392-670859EFFBEB}
	EndProjectSection
EndProject
Project("{8BC9CEB8-8B4A-11D0-8D11-00A0C91BC942}") = "ark_robertson", "examples\arkode\C_serial\ark_robertson.vcxproj", "{6708C611-C193-3A27-B6AB-610F3337F8AF}"
	ProjectSection(ProjectDependencies) = postProject
		{BE97B066-C0FA-329E-9BD1-7343E832883C} = {BE97B066-C0FA-329E-9BD1-7343E832883C}
		{C0FA6506-76ED-3BED-909D-D347FF8CB826} = {C0FA6506-76ED-3BED-909D-D347FF8CB826}
		{2C8424D6-5B43-3B7A-8392-670859EFFBEB} = {2C8424D6-5B43-3B7A-8392-670859EFFBEB}
	EndProjectSection
EndProject
Project("{8BC9CEB8-8B4A-11D0-8D11-00A0C91BC942}") = "ark_robertson_root", "examples\arkode\C_serial\ark_robertson_root.vcxproj", "{AD0063E0-0C18-312B-990F-6C2024784913}"
	ProjectSection(ProjectDependencies) = postProject
		{BE97B066-C0FA-329E-9BD1-7343E832883C} = {BE97B066-C0FA-329E-9BD1-7343E832883C}
		{C0FA6506-76ED-3BED-909D-D347FF8CB826} = {C0FA6506-76ED-3BED-909D-D347FF8CB826}
		{2C8424D6-5B43-3B7A-8392-670859EFFBEB} = {2C8424D6-5B43-3B7A-8392-670859EFFBEB}
	EndProjectSection
EndProject
Project("{8BC9CEB8-8B4A-11D0-8D11-00A0C91BC942}") = "arkode_test_install", "examples\arkode\C_serial\arkode_test_install.vcxproj", "{35FB3CF9-B3CC-3A6E-BD05-8ACD5A57E6CE}"
	ProjectSection(ProjectDependencies) = postProject
		{BE97B066-C0FA-329E-9BD1-7343E832883C} = {BE97B066-C0FA-329E-9BD1-7343E832883C}
	EndProjectSection
EndProject
Project("{8BC9CEB8-8B4A-11D0-8D11-00A0C91BC942}") = "cvAdvDiff_bnd", "examples\cvode\serial\cvAdvDiff_bnd.vcxproj", "{432D6CB5-947B-3D8C-B1FE-A1862289DF99}"
	ProjectSection(ProjectDependencies) = postProject
		{BE97B066-C0FA-329E-9BD1-7343E832883C} = {BE97B066-C0FA-329E-9BD1-7343E832883C}
		{F72FC20A-528B-350D-8AB6-C433D73ACA8E} = {F72FC20A-528B-350D-8AB6-C433D73ACA8E}
		{2C8424D6-5B43-3B7A-8392-670859EFFBEB} = {2C8424D6-5B43-3B7A-8392-670859EFFBEB}
	EndProjectSection
EndProject
Project("{8BC9CEB8-8B4A-11D0-8D11-00A0C91BC942}") = "cvDirectDemo_ls", "examples\cvode\serial\cvDirectDemo_ls.vcxproj", "{AA14D8E0-54DF-3824-89D2-62F0085AA11B}"
	ProjectSection(ProjectDependencies) = postProject
		{BE97B066-C0FA-329E-9BD1-7343E832883C} = {BE97B066-C0FA-329E-9BD1-7343E832883C}
		{F72FC20A-528B-350D-8AB6-C433D73ACA8E} = {F72FC20A-528B-350D-8AB6-C433D73ACA8E}
		{2C8424D6-5B43-3B7A-8392-670859EFFBEB} = {2C8424D6-5B43-3B7A-8392-670859EFFBEB}
	EndProjectSection
EndProject
Project("{8BC9CEB8-8B4A-11D0-8D11-00A0C91BC942}") = "cvDiurnal_kry", "examples\cvode\serial\cvDiurnal_kry.vcxproj", "{3AF4B4EF-6C32-393A-899D-629DF0C71279}"
	ProjectSection(ProjectDependencies) = postProject
		{BE97B066-C0FA-329E-9BD1-7343E832883C} = {BE97B066-C0FA-329E-9BD1-7343E832883C}
		{F72FC20A-528B-350D-8AB6-C433D73ACA8E} = {F72FC20A-528B-350D-8AB6-C433D73ACA8E}
		{2C8424D6-5B43-3B7A-8392-670859EFFBEB} = {2C8424D6-5B43-3B7A-8392-670859EFFBEB}
	EndProjectSection
EndProject
Project("{8BC9CEB8-8B4A-11D0-8D11-00A0C91BC942}") = "cvDiurnal_kry_bp", "examples\cvode\serial\cvDiurnal_kry_bp.vcxproj", "{641E58CF-94CB-368F-8D6E-6A91B78A3009}"
	ProjectSection(ProjectDependencies) = postProject
		{BE97B066-C0FA-329E-9BD1-7343E832883C} = {BE97B066-C0FA-329E-9BD1-7343E832883C}
		{F72FC20A-528B-350D-8AB6-C433D73ACA8E} = {F72FC20A-528B-350D-8AB6-C433D73ACA8E}
		{2C8424D6-5B43-3B7A-8392-670859EFFBEB} = {2C8424D6-5B43-3B7A-8392-670859EFFBEB}
	EndProjectSection
EndProject
Project("{8BC9CEB8-8B4A-11D0-8D11-00A0C91BC942}") = "cvKrylovDemo_ls", "examples\cvode\serial\cvKrylovDemo_ls.vcxproj", "{D650894E-B298-3E92-B051-15FB2B44B14B}"
	ProjectSection(ProjectDependencies) = postProject
		{BE97B066-C0FA-329E-9BD1-7343E832883C} = {BE97B066-C0FA-329E-9BD1-7343E832883C}
		{F72FC20A-528B-350D-8AB6-C433D73ACA8E} = {F72FC20A-528B-350D-8AB6-C433D73ACA8E}
		{2C8424D6-5B43-3B7A-8392-670859EFFBEB} = {2C8424D6-5B43-3B7A-8392-670859EFFBEB}
	EndProjectSection
EndProject
Project("{8BC9CEB8-8B4A-11D0-8D11-00A0C91BC942}") = "cvKrylovDemo_prec", "examples\cvode\serial\cvKrylovDemo_prec.vcxproj", "{D9088920-2652-389D-A3C5-C3F4CD381E32}"
	ProjectSection(ProjectDependencies) = postProject
		{BE97B066-C0FA-329E-9BD1-7343E832883C} = {BE97B066-C0FA-329E-9BD1-7343E832883C}
		{F72FC20A-528B-350D-8AB6-C433D73ACA8E} = {F72FC20A-528B-350D-8AB6-C433D73ACA8E}
		{2C8424D6-5B43-3B7A-8392-670859EFFBEB} = {2C8424D6-5B43-3B7A-8392-670859EFFBEB}
	EndProjectSection
EndProject
Project("{8BC9CEB8-8B4A-11D0-8D11-00A0C91BC942}") = "cvRoberts_dns", "examples\cvode\serial\cvRoberts_dns.vcxproj", "{F046FF05-3D32-3990-BEDB-6D5A724C37A5}"
	ProjectSection(ProjectDependencies) = postProject
		{BE97B066-C0FA-329E-9BD1-7343E832883C} = {BE97B066-C0FA-329E-9BD1-7343E832883C}
		{F72FC20A-528B-350D-8AB6-C433D73ACA8E} = {F72FC20A-528B-350D-8AB6-C433D73ACA8E}
		{2C8424D6-5B43-3B7A-8392-670859EFFBEB} = {2C8424D6-5B43-3B7A-8392-670859EFFBEB}
	EndProjectSection
EndProject
Project("{8BC9CEB8-8B4A-11D0-8D11-00A0C91BC942}") = "cvRoberts_dns_uw", "examples\cvode\serial\cvRoberts_dns_uw.vcxproj", "{DEEE103A-0046-3D41-A305-7672EF2EC3AA}"
	ProjectSection(ProjectDependencies) = postProject
		{BE97B066-C0FA-329E-9BD1-7343E832883C} = {BE97B066-C0FA-329E-9BD1-7343E832883C}
		{F72FC20A-528B-350D-8AB6-C433D73ACA8E} = {F72FC20A-528B-350D-8AB6-C433D73ACA8E}
		{2C8424D6-5B43-3B7A-8392-670859EFFBEB} = {2C8424D6-5B43-3B7A-8392-670859EFFBEB}
	EndProjectSection
EndProject
Project("{8BC9CEB8-8B4A-11D0-8D11-00A0C91BC942}") = "cvode_test_install", "examples\cvode\serial\cvode_test_install.vcxproj", "{9201EB51-9E7F-3B10-812A-15DCA47BE06D}"
	ProjectSection(ProjectDependencies) = postProject
		{BE97B066-C0FA-329E-9BD1-7343E832883C} = {BE97B066-C0FA-329E-9BD1-7343E832883C}
	EndProjectSection
EndProject
Project("{8BC9CEB8-8B4A-11D0-8D11-00A0C91BC942}") = "cvodes_test_install", "examples\cvodes\serial\cvodes_test_install.vcxproj", "{75721D03-0E8D-33A4-B82E-A44FAA812501}"
	ProjectSection(ProjectDependencies) = postProject
		{BE97B066-C0FA-329E-9BD1-7343E832883C} = {BE97B066-C0FA-329E-9BD1-7343E832883C}
	EndProjectSection
EndProject
Project("{8BC9CEB8-8B4A-11D0-8D11-00A0C91BC942}") = "cvsAdvDiff_ASAi_bnd", "examples\cvodes\serial\cvsAdvDiff_ASAi_bnd.vcxproj", "{1A059A5F-B9E6-36A8-96EE-B7B2A8834006}"
	ProjectSection(ProjectDependencies) = postProject
		{BE97B066-C0FA-329E-9BD1-7343E832883C} = {BE97B066-C0FA-329E-9BD1-7343E832883C}
		{C5790E38-8B1B-3A82-9179-852AEDEEAF63} = {C5790E38-8B1B-3A82-9179-852AEDEEAF63}
		{2C8424D6-5B43-3B7A-8392-670859EFFBEB} = {2C8424D6-5B43-3B7A-8392-670859EFFBEB}
	EndProjectSection
EndProject
Project("{8BC9CEB8-8B4A-11D0-8D11-00A0C91BC942}") = "cvsAdvDiff_FSA_non", "examples\cvodes\serial\cvsAdvDiff_FSA_non.vcxproj", "{1761C1BB-2A03-3AEB-8420-8833358C7AD9}"
	ProjectSection(ProjectDependencies) = postProject
		{BE97B066-C0FA-329E-9BD1-7343E832883C} = {BE97B066-C0FA-329E-9BD1-7343E832883C}
		{C5790E38-8B1B-3A82-9179-852AEDEEAF63} = {C5790E38-8B1B-3A82-9179-852AEDEEAF63}
		{2C8424D6-5B43-3B7A-8392-670859EFFBEB} = {2C8424D6-5B43-3B7A-8392-670859EFFBEB}
	EndProjectSection
EndProject
Project("{8BC9CEB8-8B4A-11D0-8D11-00A0C91BC942}") = "cvsAdvDiff_bnd", "examples\cvodes\serial\cvsAdvDiff_bnd.vcxproj", "{DC2C81C3-104F-3C5C-BAAC-1570E4BE9800}"
	ProjectSection(ProjectDependencies) = postProject
		{BE97B066-C0FA-329E-9BD1-7343E832883C} = {BE97B066-C0FA-329E-9BD1-7343E832883C}
		{C5790E38-8B1B-3A82-9179-852AEDEEAF63} = {C5790E38-8B1B-3A82-9179-852AEDEEAF63}
		{2C8424D6-5B43-3B7A-8392-670859EFFBEB} = {2C8424D6-5B43-3B7A-8392-670859EFFBEB}
	EndProjectSection
EndProject
Project("{8BC9CEB8-8B4A-11D0-8D11-00A0C91BC942}") = "cvsDirectDemo_ls", "examples\cvodes\serial\cvsDirectDemo_ls.vcxproj", "{59DA2DF7-882F-3323-815C-52B9BE362F85}"
	ProjectSection(ProjectDependencies) = postProject
		{BE97B066-C0FA-329E-9BD1-7343E832883C} = {BE97B066-C0FA-329E-9BD1-7343E832883C}
		{C5790E38-8B1B-3A82-9179-852AEDEEAF63} = {C5790E38-8B1B-3A82-9179-852AEDEEAF63}
		{2C8424D6-5B43-3B7A-8392-670859EFFBEB} = {2C8424D6-5B43-3B7A-8392-670859EFFBEB}
	EndProjectSection
EndProject
Project("{8BC9CEB8-8B4A-11D0-8D11-00A0C91BC942}") = "cvsDiurnal_FSA_kry", "examples\cvodes\serial\cvsDiurnal_FSA_kry.vcxproj", "{167F45FB-74BE-3CE6-8B16-9769887D65C8}"
	ProjectSection(ProjectDependencies) = postProject
		{BE97B066-C0FA-329E-9BD1-7343E832883C} = {BE97B066-C0FA-329E-9BD1-7343E832883C}
		{C5790E38-8B1B-3A82-9179-852AEDEEAF63} = {C5790E38-8B1B-3A82-9179-852AEDEEAF63}
		{2C8424D6-5B43-3B7A-8392-670859EFFBEB} = {2C8424D6-5B43-3B7A-8392-670859EFFBEB}
	EndProjectSection
EndProject
Project("{8BC9CEB8-8B4A-11D0-8D11-00A0C91BC942}") = "cvsDiurnal_kry", "examples\cvodes\serial\cvsDiurnal_kry.vcxproj", "{70EAAB56-CCA6-3153-948B-1DDFDF81D52E}"
	ProjectSection(ProjectDependencies) = postProject
		{BE97B066-C0FA-329E-9BD1-7343E832883C} = {BE97B066-C0FA-329E-9BD1-7343E832883C}
		{C5790E38-8B1B-3A82-9179-852AEDEEAF63} = {C5790E38-8B1B-3A82-9179-852AEDEEAF63}
		{2C8424D6-5B43-3B7A-8392-670859EFFBEB} = {2C8424D6-5B43-3B7A-8392-670859EFFBEB}
	EndProjectSection
EndProject
Project("{8BC9CEB8-8B4A-11D0-8D11-00A0C91BC942}") = "cvsDiurnal_kry_bp", "examples\cvodes\serial\cvsDiurnal_kry_bp.vcxproj", "{363264AE-F1FA-3A38-9791-52C3FC18B226}"
	ProjectSection(ProjectDependencies) = postProject
		{BE97B066-C0FA-329E-9BD1-7343E832883C} = {BE97B066-C0FA-329E-9BD1-7343E832883C}
		{C5790E38-8B1B-3A82-9179-852AEDEEAF63} = {C5790E38-8B1B-3A82-9179-852AEDEEAF63}
		{2C8424D6-5B43-3B7A-8392-670859EFFBEB} = {2C8424D6-5B43-3B7A-8392-670859EFFBEB}
	EndProjectSection
EndProject
Project("{8BC9CEB8-8B4A-11D0-8D11-00A0C91BC942}") = "cvsFoodWeb_ASAi_kry", "examples\cvodes\serial\cvsFoodWeb_ASAi_kry.vcxproj", "{A071CC95-2F1D-38F9-A66E-20E5745D2CE0}"
	ProjectSection(ProjectDependencies) = postProject
		{BE97B066-C0FA-329E-9BD1-7343E832883C} = {BE97B066-C0FA-329E-9BD1-7343E832883C}
		{C5790E38-8B1B-3A82-9179-852AEDEEAF63} = {C5790E38-8B1B-3A82-9179-852AEDEEAF63}
		{2C8424D6-5B43-3B7A-8392-670859EFFBEB} = {2C8424D6-5B43-3B7A-8392-670859EFFBEB}
	EndProjectSection
EndProject
Project("{8BC9CEB8-8B4A-11D0-8D11-00A0C91BC942}") = "cvsFoodWeb_ASAp_kry", "examples\cvodes\serial\cvsFoodWeb_ASAp_kry.vcxproj", "{125180DB-1BE2-3546-9B4B-01B158E530F4}"
	ProjectSection(ProjectDependencies) = postProject
		{BE97B066-C0FA-329E-9BD1-7343E832883C} = {BE97B066-C0FA-329E-9BD1-7343E832883C}
		{C5790E38-8B1B-3A82-9179-852AEDEEAF63} = {C5790E38-8B1B-3A82-9179-852AEDEEAF63}
		{2C8424D6-5B43-3B7A-8392-670859EFFBEB} = {2C8424D6-5B43-3B7A-8392-670859EFFBEB}
	EndProjectSection
EndProject
Project("{8BC9CEB8-8B4A-11D0-8D11-00A0C91BC942}") = "cvsHessian_ASA_FSA", "examples\cvodes\serial\cvsHessian_ASA_FSA.vcxproj", "{728C6570-81EB-30E4-8F74-7DC85A125844}"
	ProjectSection(ProjectDependencies) = postProject
		{BE97B066-C0FA-329E-9BD1-7343E832883C} = {BE97B066-C0FA-329E-9BD1-7343E832883C}
		{C5790E38-8B1B-3A82-9179-852AEDEEAF63} = {C5790E38-8B1B-3A82-9179-852AEDEEAF63}
		{2C8424D6-5B43-3B7A-8392-670859EFFBEB} = {2C8424D6-5B43-3B7A-8392-670859EFFBEB}
	EndProjectSection
EndProject
Project("{8BC9CEB8-8B4A-11D0-8D11-00A0C91BC942}") = "cvsKrylovDemo_ls", "examples\cvodes\serial\cvsKrylovDemo_ls.vcxproj", "{367CC118-D02E-37E9-AF62-0C49820A6D81}"
	ProjectSection(ProjectDependencies) = postProject
		{BE97B066-C0FA-329E-9BD1-7343E832883C} = {BE97B066-C0FA-329E-9BD1-7343E832883C}
		{C5790E38-8B1B-3A82-9179-852AEDEEAF63} = {C5790E38-8B1B-3A82-9179-852AEDEEAF63}
		{2C8424D6-5B43-3B7A-8392-670859EFFBEB} = {2C8424D6-5B43-3B7A-8392-670859EFFBEB}
	EndProjectSection
EndProject
Project("{8BC9CEB8-8B4A-11D0-8D11-00A0C91BC942}") = "cvsKrylovDemo_prec", "examples\cvodes\serial\cvsKrylovDemo_prec.vcxproj", "{127DF91C-4839-3D71-8FBC-AAED4D59B973}"
	ProjectSection(ProjectDependencies) = postProject
		{BE97B066-C0FA-329E-9BD1-7343E832883C} = {BE97B066-C0FA-329E-9BD1-7343E832883C}
		{C5790E38-8B1B-3A82-9179-852AEDEEAF63} = {C5790E38-8B1B-3A82-9179-852AEDEEAF63}
		{2C8424D6-5B43-3B7A-8392-670859EFFBEB} = {2C8424D6-5B43-3B7A-8392-670859EFFBEB}
	EndProjectSection
EndProject
Project("{8BC9CEB8-8B4A-11D0-8D11-00A0C91BC942}") = "cvsRoberts_ASAi_dns", "examples\cvodes\serial\cvsRoberts_ASAi_dns.vcxproj", "{2C591BB5-3BEC-3E69-A70D-B35071C06D0F}"
	ProjectSection(ProjectDependencies) = postProject
		{BE97B066-C0FA-329E-9BD1-7343E832883C} = {BE97B066-C0FA-329E-9BD1-7343E832883C}
		{C5790E38-8B1B-3A82-9179-852AEDEEAF63} = {C5790E38-8B1B-3A82-9179-852AEDEEAF63}
		{2C8424D6-5B43-3B7A-8392-670859EFFBEB} = {2C8424D6-5B43-3B7A-8392-670859EFFBEB}
	EndProjectSection
EndProject
Project("{8BC9CEB8-8B4A-11D0-8D11-00A0C91BC942}") = "cvsRoberts_FSA_dns", "examples\cvodes\serial\cvsRoberts_FSA_dns.vcxproj", "{B0E9D8A4-6C1C-3E20-BAB2-D59C846E9A8C}"
	ProjectSection(ProjectDependencies) = postProject
		{BE97B066-C0FA-329E-9BD1-7343E832883C} = {BE97B066-C0FA-329E-9BD1-7343E832883C}
		{C5790E38-8B1B-3A82-9179-852AEDEEAF63} = {C5790E38-8B1B-3A82-9179-852AEDEEAF63}
		{2C8424D6-5B43-3B7A-8392-670859EFFBEB} = {2C8424D6-5B43-3B7A-8392-670859EFFBEB}
	EndProjectSection
EndProject
Project("{8BC9CEB8-8B4A-11D0-8D11-00A0C91BC942}") = "cvsRoberts_dns", "examples\cvodes\serial\cvsRoberts_dns.vcxproj", "{C2F08333-AB1A-30A0-AE37-317CFDAB5049}"
	ProjectSection(ProjectDependencies) = postProject
		{BE97B066-C0FA-329E-9BD1-7343E832883C} = {BE97B066-C0FA-329E-9BD1-7343E832883C}
		{C5790E38-8B1B-3A82-9179-852AEDEEAF63} = {C5790E38-8B1B-3A82-9179-852AEDEEAF63}
		{2C8424D6-5B43-3B7A-8392-670859EFFBEB} = {2C8424D6-5B43-3B7A-8392-670859EFFBEB}
	EndProjectSection
EndProject
Project("{8BC9CEB8-8B4A-11D0-8D11-00A0C91BC942}") = "cvsRoberts_dns_uw", "examples\cvodes\serial\cvsRoberts_dns_uw.vcxproj", "{7DFC631A-DECD-3084-8803-1E90BECAA27A}"
	ProjectSection(ProjectDependencies) = postProject
		{BE97B066-C0FA-329E-9BD1-7343E832883C} = {BE97B066-C0FA-329E-9BD1-7343E832883C}
		{C5790E38-8B1B-3A82-9179-852AEDEEAF63} = {C5790E38-8B1B-3A82-9179-852AEDEEAF63}
		{2C8424D6-5B43-3B7A-8392-670859EFFBEB} = {2C8424D6-5B43-3B7A-8392-670859EFFBEB}
	EndProjectSection
EndProject
Project("{8BC9CEB8-8B4A-11D0-8D11-00A0C91BC942}") = "idaFoodWeb_bnd", "examples\ida\serial\idaFoodWeb_bnd.vcxproj", "{47798038-ADA5-3E04-A863-2B0AA5615149}"
	ProjectSection(ProjectDependencies) = postProject
		{BE97B066-C0FA-329E-9BD1-7343E832883C} = {BE97B066-C0FA-329E-9BD1-7343E832883C}
		{30CA808B-F906-3F1E-8F52-B71AA92E6176} = {30CA808B-F906-3F1E-8F52-B71AA92E6176}
		{2C8424D6-5B43-3B7A-8392-670859EFFBEB} = {2C8424D6-5B43-3B7A-8392-670859EFFBEB}
	EndProjectSection
EndProject
Project("{8BC9CEB8-8B4A-11D0-8D11-00A0C91BC942}") = "idaFoodWeb_kry", "examples\ida\serial\idaFoodWeb_kry.vcxproj", "{B7998074-A15D-331B-91DC-F9752F0C7D98}"
	ProjectSection(ProjectDependencies) = postProject
		{BE97B066-C0FA-329E-9BD1-7343E832883C} = {BE97B066-C0FA-329E-9BD1-7343E832883C}
		{30CA808B-F906-3F1E-8F52-B71AA92E6176} = {30CA808B-F906-3F1E-8F52-B71AA92E6176}
		{2C8424D6-5B43-3B7A-8392-670859EFFBEB} = {2C8424D6-5B43-3B7A-8392-670859EFFBEB}
	EndProjectSection
EndProject
Project("{8BC9CEB8-8B4A-11D0-8D11-00A0C91BC942}") = "idaHeat2D_bnd", "examples\ida\serial\idaHeat2D_bnd.vcxproj", "{250326EF-E377-36A7-8E33-3A0022B130CE}"
	ProjectSection(ProjectDependencies) = postProject
		{BE97B066-C0FA-329E-9BD1-7343E832883C} = {BE97B066-C0FA-329E-9BD1-7343E832883C}
		{30CA808B-F906-3F1E-8F52-B71AA92E6176} = {30CA808B-F906-3F1E-8F52-B71AA92E6176}
		{2C8424D6-5B43-3B7A-8392-670859EFFBEB} = {2C8424D6-5B43-3B7A-8392-670859EFFBEB}
	EndProjectSection
EndProject
Project("{8BC9CEB8-8B4A-11D0-8D11-00A0C91BC942}") = "idaHeat2D_kry", "examples\ida\serial\idaHeat2D_kry.vcxproj", "{8E2F9EBF-9D15-39C6-8E63-6EE7C34346BF}"
	ProjectSection(ProjectDependencies) = postProject
		{BE97B066-C0FA-329E-9BD1-7343E832883C} = {BE97B066-C0FA-329E-9BD1-7343E832883C}
		{30CA808B-F906-3F1E-8F52-B71AA92E6176} = {30CA808B-F906-3F1E-8F52-B71AA92E6176}
		{2C8424D6-5B43-3B7A-8392-670859EFFBEB} = {2C8424D6-5B43-3B7A-8392-670859EFFBEB}
	EndProjectSection
EndProject
Project("{8BC9CEB8-8B4A-11D0-8D11-00A0C91BC942}") = "idaKrylovDemo_ls", "examples\ida\serial\idaKrylovDemo_ls.vcxproj", "{FB9BD2C4-585B-3B4A-904F-BEED1F8989B1}"
	ProjectSection(ProjectDependencies) = postProject
		{BE97B066-C0FA-329E-9BD1-7343E832883C} = {BE97B066-C0FA-329E-9BD1-7343E832883C}
		{30CA808B-F906-3F1E-8F52-B71AA92E6176} = {30CA808B-F906-3F1E-8F52-B71AA92E6176}
		{2C8424D6-5B43-3B7A-8392-670859EFFBEB} = {2C8424D6-5B43-3B7A-8392-670859EFFBEB}
	EndProjectSection
EndProject
Project("{8BC9CEB8-8B4A-11D0-8D11-00A0C91BC942}") = "idaRoberts_dns", "examples\ida\serial\idaRoberts_dns.vcxproj", "{9E12FB53-5306-321D-9398-36C5A4745453}"
	ProjectSection(ProjectDependencies) = postProject
		{BE97B066-C0FA-329E-9BD1-7343E832883C} = {BE97B066-C0FA-329E-9BD1-7343E832883C}
		{30CA808B-F906-3F1E-8F52-B71AA92E6176} = {30CA808B-F906-3F1E-8F52-B71AA92E6176}
		{2C8424D6-5B43-3B7A-8392-670859EFFBEB} = {2C8424D6-5B43-3B7A-8392-670859EFFBEB}
	EndProjectSection
EndProject
Project("{8BC9CEB8-8B4A-11D0-8D11-00A0C91BC942}") = "idaSlCrank_dns", "examples\ida\serial\idaSlCrank_dns.vcxproj", "{4DEA82A2-BF0B-3C06-8DDF-76A5441C0098}"
	ProjectSection(ProjectDependencies) = postProject
		{BE97B066-C0FA-329E-9BD1-7343E832883C} = {BE97B066-C0FA-329E-9BD1-7343E832883C}
		{30CA808B-F906-3F1E-8F52-B71AA92E6176} = {30CA808B-F906-3F1E-8F52-B71AA92E6176}
		{2C8424D6-5B43-3B7A-8392-670859EFFBEB} = {2C8424D6-5B43-3B7A-8392-670859EFFBEB}
	EndProjectSection
EndProject
Project("{8BC9CEB8-8B4A-11D0-8D11-00A0C91BC942}") = "ida_test_install", "examples\ida\serial\ida_test_install.vcxproj", "{F9B8C3A9-023D-3329-9E0C-A86D3A20096C}"
	ProjectSection(ProjectDependencies) = postProject
		{BE97B066-C0FA-329E-9BD1-7343E832883C} = {BE97B066-C0FA-329E-9BD1-7343E832883C}
	EndProjectSection
EndProject
Project("{8BC9CEB8-8B4A-11D0-8D11-00A0C91BC942}") = "idasAkzoNob_ASAi_dns", "examples\idas\serial\idasAkzoNob_ASAi_dns.vcxproj", "{E1B67995-0847-3742-8069-9EBF1FC1B3ED}"
	ProjectSection(ProjectDependencies) = postProject
		{BE97B066-C0FA-329E-9BD1-7343E832883C} = {BE97B066-C0FA-329E-9BD1-7343E832883C}
		{A3963120-61A0-3D2F-9DDA-9E39F81A478C} = {A3963120-61A0-3D2F-9DDA-9E39F81A478C}
		{2C8424D6-5B43-3B7A-8392-670859EFFBEB} = {2C8424D6-5B43-3B7A-8392-670859EFFBEB}
	EndProjectSection
EndProject
Project("{8BC9CEB8-8B4A-11D0-8D11-00A0C91BC942}") = "idasAkzoNob_dns", "examples\idas\serial\idasAkzoNob_dns.vcxproj", "{58AC667D-A273-3012-B8CB-F538AEDE3181}"
	ProjectSection(ProjectDependencies) = postProject
		{BE97B066-C0FA-329E-9BD1-7343E832883C} = {BE97B066-C0FA-329E-9BD1-7343E832883C}
		{A3963120-61A0-3D2F-9DDA-9E39F81A478C} = {A3963120-61A0-3D2F-9DDA-9E39F81A478C}
		{2C8424D6-5B43-3B7A-8392-670859EFFBEB} = {2C8424D6-5B43-3B7A-8392-670859EFFBEB}
	EndProjectSection
EndProject
Project("{8BC9CEB8-8B4A-11D0-8D11-00A0C91BC942}") = "idasFoodWeb_bnd", "examples\idas\serial\idasFoodWeb_bnd.vcxproj", "{604118BD-04A8-3FC3-AC7B-10F8D72F9D25}"
	ProjectSection(ProjectDependencies) = postProject
		{BE97B066-C0FA-329E-9BD1-7343E832883C} = {BE97B066-C0FA-329E-9BD1-7343E832883C}
		{A3963120-61A0-3D2F-9DDA-9E39F81A478C} = {A3963120-61A0-3D2F-9DDA-9E39F81A478C}
		{2C8424D6-5B43-3B7A-8392-670859EFFBEB} = {2C8424D6-5B43-3B7A-8392-670859EFFBEB}
	EndProjectSection
EndProject
Project("{8BC9CEB8-8B4A-11D0-8D11-00A0C91BC942}") = "idasHeat2D_bnd", "examples\idas\serial\idasHeat2D_bnd.vcxproj", "{8DDF4E1D-1B92-3B33-A51A-6379DD2620AE}"
	ProjectSection(ProjectDependencies) = postProject
		{BE97B066-C0FA-329E-9BD1-7343E832883C} = {BE97B066-C0FA-329E-9BD1-7343E832883C}
		{A3963120-61A0-3D2F-9DDA-9E39F81A478C} = {A3963120-61A0-3D2F-9DDA-9E39F81A478C}
		{2C8424D6-5B43-3B7A-8392-670859EFFBEB} = {2C8424D6-5B43-3B7A-8392-670859EFFBEB}
	EndProjectSection
EndProject
Project("{8BC9CEB8-8B4A-11D0-8D11-00A0C91BC942}") = "idasHeat2D_kry", "examples\idas\serial\idasHeat2D_kry.vcxproj", "{A61FB19F-3A69-3817-9262-BFF5585BB28C}"
	ProjectSection(ProjectDependencies) = postProject
		{BE97B066-C0FA-329E-9BD1-7343E832883C} = {BE97B066-C0FA-329E-9BD1-7343E832883C}
		{A3963120-61A0-3D2F-9DDA-9E39F81A478C} = {A3963120-61A0-3D2F-9DDA-9E39F81A478C}
		{2C8424D6-5B43-3B7A-8392-670859EFFBEB} = {2C8424D6-5B43-3B7A-8392-670859EFFBEB}
	EndProjectSection
EndProject
Project("{8BC9CEB8-8B4A-11D0-8D11-00A0C91BC942}") = "idasHessian_ASA_FSA", "examples\idas\serial\idasHessian_ASA_FSA.vcxproj", "{6B81318C-201C-3932-B9BE-9EB926223CF2}"
	ProjectSection(ProjectDependencies) = postProject
		{BE97B066-C0FA-329E-9BD1-7343E832883C} = {BE97B066-C0FA-329E-9BD1-7343E832883C}
		{A3963120-61A0-3D2F-9DDA-9E39F81A478C} = {A3963120-61A0-3D2F-9DDA-9E39F81A478C}
		{2C8424D6-5B43-3B7A-8392-670859EFFBEB} = {2C8424D6-5B43-3B7A-8392-670859EFFBEB}
	EndProjectSection
EndProject
Project("{8BC9CEB8-8B4A-11D0-8D11-00A0C91BC942}") = "idasKrylovDemo_ls", "examples\idas\serial\idasKrylovDemo_ls.vcxproj", "{3EC71E6E-87B5-3E54-A66C-875D4ACFE01B}"
	ProjectSection(ProjectDependencies) = postProject
		{BE97B066-C0FA-329E-9BD1-7343E832883C} = {BE97B066-C0FA-329E-9BD1-7343E832883C}
		{A3963120-61A0-3D2F-9DDA-9E39F81A478C} = {A3963120-61A0-3D2F-9DDA-9E39F81A478C}
		{2C8424D6-5B43-3B7A-8392-670859EFFBEB} = {2C8424D6-5B43-3B7A-8392-670859EFFBEB}
	EndProjectSection
EndProject
Project("{8BC9CEB8-8B4A-11D0-8D11-00A0C91BC942}") = "idasRoberts_ASAi_dns", "examples\idas\serial\idasRoberts_ASAi_dns.vcxproj", "{AEAB668D-A7FF-30AC-B551-D8E422EC7477}"
	ProjectSection(ProjectDependencies) = postProject
		{BE97B066-C0FA-329E-9BD1-7343E832883C} = {BE97B066-C0FA-329E-9BD1-7343E832883C}
		{A3963120-61A0-3D2F-9DDA-9E39F81A478C} = {A3963120-61A0-3D2F-9DDA-9E39F81A478C}
		{2C8424D6-5B43-3B7A-8392-670859EFFBEB} = {2C8424D6-5B43-3B7A-8392-670859EFFBEB}
	EndProjectSection
EndProject
Project("{8BC9CEB8-8B4A-11D0-8D11-00A0C91BC942}") = "idasRoberts_FSA_dns", "examples\idas\serial\idasRoberts_FSA_dns.vcxproj", "{EB3070E2-7D62-3E61-BE97-18F51E90DA95}"
	ProjectSection(ProjectDependencies) = postProject
		{BE97B066-C0FA-329E-9BD1-7343E832883C} = {BE97B066-C0FA-329E-9BD1-7343E832883C}
		{A3963120-61A0-3D2F-9DDA-9E39F81A478C} = {A3963120-61A0-3D2F-9DDA-9E39F81A478C}
		{2C8424D6-5B43-3B7A-8392-670859EFFBEB} = {2C8424D6-5B43-3B7A-8392-670859EFFBEB}
	EndProjectSection
EndProject
Project("{8BC9CEB8-8B4A-11D0-8D11-00A0C91BC942}") = "idasRoberts_dns", "examples\idas\serial\idasRoberts_dns.vcxproj", "{05D41DAB-E979-3AE4-94FE-D3AB3590C842}"
	ProjectSection(ProjectDependencies) = postProject
		{BE97B066-C0FA-329E-9BD1-7343E832883C} = {BE97B066-C0FA-329E-9BD1-7343E832883C}
		{A3963120-61A0-3D2F-9DDA-9E39F81A478C} = {A3963120-61A0-3D2F-9DDA-9E39F81A478C}
		{2C8424D6-5B43-3B7A-8392-670859EFFBEB} = {2C8424D6-5B43-3B7A-8392-670859EFFBEB}
	EndProjectSection
EndProject
Project("{8BC9CEB8-8B4A-11D0-8D11-00A0C91BC942}") = "idasSlCrank_FSA_dns", "examples\idas\serial\idasSlCrank_FSA_dns.vcxproj", "{307D1BCE-1808-380B-B817-F8D6FFAB5AF0}"
	ProjectSection(ProjectDependencies) = postProject
		{BE97B066-C0FA-329E-9BD1-7343E832883C} = {BE97B066-C0FA-329E-9BD1-7343E832883C}
		{A3963120-61A0-3D2F-9DDA-9E39F81A478C} = {A3963120-61A0-3D2F-9DDA-9E39F81A478C}
		{2C8424D6-5B43-3B7A-8392-670859EFFBEB} = {2C8424D6-5B43-3B7A-8392-670859EFFBEB}
	EndProjectSection
EndProject
Project("{8BC9CEB8-8B4A-11D0-8D11-00A0C91BC942}") = "idasSlCrank_dns", "examples\idas\serial\idasSlCrank_dns.vcxproj", "{060C0E82-8945-3D65-A263-E783998044DF}"
	ProjectSection(ProjectDependencies) = postProject
		{BE97B066-C0FA-329E-9BD1-7343E832883C} = {BE97B066-C0FA-329E-9BD1-7343E832883C}
		{A3963120-61A0-3D2F-9DDA-9E39F81A478C} = {A3963120-61A0-3D2F-9DDA-9E39F81A478C}
		{2C8424D6-5B43-3B7A-8392-670859EFFBEB} = {2C8424D6-5B43-3B7A-8392-670859EFFBEB}
	EndProjectSection
EndProject
Project("{8BC9CEB8-8B4A-11D0-8D11-00A0C91BC942}") = "idas_test_install", "examples\idas\serial\idas_test_install.vcxproj", "{72C8CF08-59B6-3EAE-8F65-56EB37460A0D}"
	ProjectSection(ProjectDependencies) = postProject
		{BE97B066-C0FA-329E-9BD1-7343E832883C} = {BE97B066-C0FA-329E-9BD1-7343E832883C}
	EndProjectSection
EndProject
Project("{8BC9CEB8-8B4A-11D0-8D11-00A0C91BC942}") = "kinFerTron_dns", "examples\kinsol\serial\kinFerTron_dns.vcxproj", "{4FD34CAB-9334-3961-B5BD-C020B7AB86EB}"
	ProjectSection(ProjectDependencies) = postProject
		{BE97B066-C0FA-329E-9BD1-7343E832883C} = {BE97B066-C0FA-329E-9BD1-7343E832883C}
		{034F42C6-3FDD-306C-AA4E-4C4453E6CA31} = {034F42C6-3FDD-306C-AA4E-4C4453E6CA31}
		{2C8424D6-5B43-3B7A-8392-670859EFFBEB} = {2C8424D6-5B43-3B7A-8392-670859EFFBEB}
	EndProjectSection
EndProject
Project("{8BC9CEB8-8B4A-11D0-8D11-00A0C91BC942}") = "kinFoodWeb_kry", "examples\kinsol\serial\kinFoodWeb_kry.vcxproj", "{9DE635B6-1B83-3F04-B086-3BAD17C13421}"
	ProjectSection(ProjectDependencies) = postProject
		{BE97B066-C0FA-329E-9BD1-7343E832883C} = {BE97B066-C0FA-329E-9BD1-7343E832883C}
		{034F42C6-3FDD-306C-AA4E-4C4453E6CA31} = {034F42C6-3FDD-306C-AA4E-4C4453E6CA31}
		{2C8424D6-5B43-3B7A-8392-670859EFFBEB} = {2C8424D6-5B43-3B7A-8392-670859EFFBEB}
	EndProjectSection
EndProject
Project("{8BC9CEB8-8B4A-11D0-8D11-00A0C91BC942}") = "kinKrylovDemo_ls", "examples\kinsol\serial\kinKrylovDemo_ls.vcxproj", "{754DA024-5721-30AC-985A-5593494AD009}"
	ProjectSection(ProjectDependencies) = postProject
		{BE97B066-C0FA-329E-9BD1-7343E832883C} = {BE97B066-C0FA-329E-9BD1-7343E832883C}
		{034F42C6-3FDD-306C-AA4E-4C4453E6CA31} = {034F42C6-3FDD-306C-AA4E-4C4453E6CA31}
		{2C8424D6-5B43-3B7A-8392-670859EFFBEB} = {2C8424D6-5B43-3B7A-8392-670859EFFBEB}
	EndProjectSection
EndProject
Project("{8BC9CEB8-8B4A-11D0-8D11-00A0C91BC942}") = "kinLaplace_bnd", "examples\kinsol\serial\kinLaplace_bnd.vcxproj", "{DDB425BF-AC46-3F80-83DB-B45D2A3929F3}"
	ProjectSection(ProjectDependencies) = postProject
		{BE97B066-C0FA-329E-9BD1-7343E832883C} = {BE97B066-C0FA-329E-9BD1-7343E832883C}
		{034F42C6-3FDD-306C-AA4E-4C4453E6CA31} = {034F42C6-3FDD-306C-AA4E-4C4453E6CA31}
		{2C8424D6-5B43-3B7A-8392-670859EFFBEB} = {2C8424D6-5B43-3B7A-8392-670859EFFBEB}
	EndProjectSection
EndProject
Project("{8BC9CEB8-8B4A-11D0-8D11-00A0C91BC942}") = "kinLaplace_picard_bnd", "examples\kinsol\serial\kinLaplace_picard_bnd.vcxproj", "{3EBB9E22-C4A8-3F6C-B691-1E79169CF70E}"
	ProjectSection(ProjectDependencies) = postProject
		{BE97B066-C0FA-329E-9BD1-7343E832883C} = {BE97B066-C0FA-329E-9BD1-7343E832883C}
		{034F42C6-3FDD-306C-AA4E-4C4453E6CA31} = {034F42C6-3FDD-306C-AA4E-4C4453E6CA31}
		{2C8424D6-5B43-3B7A-8392-670859EFFBEB} = {2C8424D6-5B43-3B7A-8392-670859EFFBEB}
	EndProjectSection
EndProject
Project("{8BC9CEB8-8B4A-11D0-8D11-00A0C91BC942}") = "kinRoberts_fp", "examples\kinsol\serial\kinRoberts_fp.vcxproj", "{A4B60BB4-131F-33E9-9380-661C001C9E24}"
	ProjectSection(ProjectDependencies) = postProject
		{BE97B066-C0FA-329E-9BD1-7343E832883C} = {BE97B066-C0FA-329E-9BD1-7343E832883C}
		{034F42C6-3FDD-306C-AA4E-4C4453E6CA31} = {034F42C6-3FDD-306C-AA4E-4C4453E6CA31}
		{2C8424D6-5B43-3B7A-8392-670859EFFBEB} = {2C8424D6-5B43-3B7A-8392-670859EFFBEB}
	EndProjectSection
EndProject
Project("{8BC9CEB8-8B4A-11D0-8D11-00A0C91BC942}") = "kinRoboKin_dns", "examples\kinsol\serial\kinRoboKin_dns.vcxproj", "{C86C0362-94F8-3874-B2D3-0B29DB301263}"
	ProjectSection(ProjectDependencies) = postProject
		{BE97B066-C0FA-329E-9BD1-7343E832883C} = {BE97B066-C0FA-329E-9BD1-7343E832883C}
		{034F42C6-3FDD-306C-AA4E-4C4453E6CA31} = {034F42C6-3FDD-306C-AA4E-4C4453E6CA31}
		{2C8424D6-5B43-3B7A-8392-670859EFFBEB} = {2C8424D6-5B43-3B7A-8392-670859EFFBEB}
	EndProjectSection
EndProject
Project("{8BC9CEB8-8B4A-11D0-8D11-00A0C91BC942}") = "kinsol_test_install", "examples\kinsol\serial\kinsol_test_install.vcxproj", "{5C3BE210-17EE-3FCB-A8BE-3ACB5E6C8C6E}"
	ProjectSection(ProjectDependencies) = postProject
		{BE97B066-C0FA-329E-9BD1-7343E832883C} = {BE97B066-C0FA-329E-9BD1-7343E832883C}
	EndProjectSection
EndProject
Project("{8BC9CEB8-8B4A-11D0-8D11-00A0C91BC942}") = "sundials_arkode_shared", "src\arkode\sundials_arkode_shared.vcxproj", "{C0FA6506-76ED-3BED-909D-D347FF8CB826}"
	ProjectSection(ProjectDependencies) = postProject
		{BE97B066-C0FA-329E-9BD1-7343E832883C} = {BE97B066-C0FA-329E-9BD1-7343E832883C}
	EndProjectSection
EndProject
Project("{8BC9CEB8-8B4A-11D0-8D11-00A0C91BC942}") = "sundials_arkode_static", "src\arkode\sundials_arkode_static.vcxproj", "{3E57063D-3E15-33B6-A086-839F3F742B08}"
	ProjectSection(ProjectDependencies) = postProject
		{BE97B066-C0FA-329E-9BD1-7343E832883C} = {BE97B066-C0FA-329E-9BD1-7343E832883C}
	EndProjectSection
EndProject
Project("{8BC9CEB8-8B4A-11D0-8D11-00A0C91BC942}") = "sundials_cvode_shared", "src\cvode\sundials_cvode_shared.vcxproj", "{F72FC20A-528B-350D-8AB6-C433D73ACA8E}"
	ProjectSection(ProjectDependencies) = postProject
		{BE97B066-C0FA-329E-9BD1-7343E832883C} = {BE97B066-C0FA-329E-9BD1-7343E832883C}
	EndProjectSection
EndProject
Project("{8BC9CEB8-8B4A-11D0-8D11-00A0C91BC942}") = "sundials_cvode_static", "src\cvode\sundials_cvode_static.vcxproj", "{D785EA88-549A-3EC6-AF65-D570281CE047}"
	ProjectSection(ProjectDependencies) = postProject
		{BE97B066-C0FA-329E-9BD1-7343E832883C} = {BE97B066-C0FA-329E-9BD1-7343E832883C}
	EndProjectSection
EndProject
Project("{8BC9CEB8-8B4A-11D0-8D11-00A0C91BC942}") = "sundials_cvodes_shared", "src\cvodes\sundials_cvodes_shared.vcxproj", "{C5790E38-8B1B-3A82-9179-852AEDEEAF63}"
	ProjectSection(ProjectDependencies) = postProject
		{BE97B066-C0FA-329E-9BD1-7343E832883C} = {BE97B066-C0FA-329E-9BD1-7343E832883C}
	EndProjectSection
EndProject
Project("{8BC9CEB8-8B4A-11D0-8D11-00A0C91BC942}") = "sundials_cvodes_static", "src\cvodes\sundials_cvodes_static.vcxproj", "{78123810-B000-35EF-9B53-B200266C0498}"
	ProjectSection(ProjectDependencies) = postProject
		{BE97B066-C0FA-329E-9BD1-7343E832883C} = {BE97B066-C0FA-329E-9BD1-7343E832883C}
	EndProjectSection
EndProject
Project("{8BC9CEB8-8B4A-11D0-8D11-00A0C91BC942}") = "sundials_ida_shared", "src\ida\sundials_ida_shared.vcxproj", "{30CA808B-F906-3F1E-8F52-B71AA92E6176}"
	ProjectSection(ProjectDependencies) = postProject
		{BE97B066-C0FA-329E-9BD1-7343E832883C} = {BE97B066-C0FA-329E-9BD1-7343E832883C}
	EndProjectSection
EndProject
Project("{8BC9CEB8-8B4A-11D0-8D11-00A0C91BC942}") = "sundials_ida_static", "src\ida\sundials_ida_static.vcxproj", "{07C640E1-C1D5-3017-8909-8593061F56BF}"
	ProjectSection(ProjectDependencies) = postProject
		{BE97B066-C0FA-329E-9BD1-7343E832883C} = {BE97B066-C0FA-329E-9BD1-7343E832883C}
	EndProjectSection
EndProject
Project("{8BC9CEB8-8B4A-11D0-8D11-00A0C91BC942}") = "sundials_idas_shared", "src\idas\sundials_idas_shared.vcxproj", "{A3963120-61A0-3D2F-9DDA-9E39F81A478C}"
	ProjectSection(ProjectDependencies) = postProject
		{BE97B066-C0FA-329E-9BD1-7343E832883C} = {BE97B066-C0FA-329E-9BD1-7343E832883C}
	EndProjectSection
EndProject
Project("{8BC9CEB8-8B4A-11D0-8D11-00A0C91BC942}") = "sundials_idas_static", "src\idas\sundials_idas_static.vcxproj", "{CED458EE-C6CA-3776-B948-50F29CDA8158}"
	ProjectSection(ProjectDependencies) = postProject
		{BE97B066-C0FA-329E-9BD1-7343E832883C} = {BE97B066-C0FA-329E-9BD1-7343E832883C}
	EndProjectSection
EndProject
Project("{8BC9CEB8-8B4A-11D0-8D11-00A0C91BC942}") = "sundials_kinsol_shared", "src\kinsol\sundials_kinsol_shared.vcxproj", "{034F42C6-3FDD-306C-AA4E-4C4453E6CA31}"
	ProjectSection(ProjectDependencies) = postProject
		{BE97B066-C0FA-329E-9BD1-7343E832883C} = {BE97B066-C0FA-329E-9BD1-7343E832883C}
	EndProjectSection
EndProject
Project("{8BC9CEB8-8B4A-11D0-8D11-00A0C91BC942}") = "sundials_kinsol_static", "src\kinsol\sundials_kinsol_static.vcxproj", "{ECA209EE-01F5-3B26-88E5-B86435577B54}"
	ProjectSection(ProjectDependencies) = postProject
		{BE97B066-C0FA-329E-9BD1-7343E832883C} = {BE97B066-C0FA-329E-9BD1-7343E832883C}
	EndProjectSection
EndProject
Project("{8BC9CEB8-8B4A-11D0-8D11-00A0C91BC942}") = "sundials_nvecserial_shared", "src\nvec_ser\sundials_nvecserial_shared.vcxproj", "{2C8424D6-5B43-3B7A-8392-670859EFFBEB}"
	ProjectSection(ProjectDependencies) = postProject
		{BE97B066-C0FA-329E-9BD1-7343E832883C} = {BE97B066-C0FA-329E-9BD1-7343E832883C}
	EndProjectSection
EndProject
Project("{8BC9CEB8-8B4A-11D0-8D11-00A0C91BC942}") = "sundials_nvecserial_static", "src\nvec_ser\sundials_nvecserial_static.vcxproj", "{0FCE9235-B7B8-31F2-BF08-0AE621DE0CF7}"
	ProjectSection(ProjectDependencies) = postProject
		{BE97B066-C0FA-329E-9BD1-7343E832883C} = {BE97B066-C0FA-329E-9BD1-7343E832883C}
	EndProjectSection
EndProject
Project("{8BC9CEB8-8B4A-11D0-8D11-00A0C91BC942}") = "sundials_sunlinsolband_shared", "src\sunlinsol_band\sundials_sunlinsolband_shared.vcxproj", "{900D5F87-3EE5-330B-AA75-BE90244FBC3F}"
	ProjectSection(ProjectDependencies) = postProject
		{BE97B066-C0FA-329E-9BD1-7343E832883C} = {BE97B066-C0FA-329E-9BD1-7343E832883C}
		{F2DE27EE-8E1C-39FF-A4DF-6EA247B15609} = {F2DE27EE-8E1C-39FF-A4DF-6EA247B15609}
	EndProjectSection
EndProject
Project("{8BC9CEB8-8B4A-11D0-8D11-00A0C91BC942}") = "sundials_sunlinsolband_static", "src\sunlinsol_band\sundials_sunlinsolband_static.vcxproj", "{F3163D4D-6ADF-3200-81B8-70822F11070F}"
	ProjectSection(ProjectDependencies) = postProject
		{BE97B066-C0FA-329E-9BD1-7343E832883C} = {BE97B066-C0FA-329E-9BD1-7343E832883C}
	EndProjectSection
EndProject
Project("{8BC9CEB8-8B4A-11D0-8D11-00A0C91BC942}") = "sundials_sunlinsoldense_shared", "src\sunlinsol_dense\sundials_sunlinsoldense_shared.vcxproj", "{5A579ABD-CA0B-3CDF-982C-A6681562DCA2}"
	ProjectSection(ProjectDependencies) = postProject
		{BE97B066-C0FA-329E-9BD1-7343E832883C} = {BE97B066-C0FA-329E-9BD1-7343E832883C}
		{110C680C-289C-3A95-8AEF-2063EF4F325C} = {110C680C-289C-3A95-8AEF-2063EF4F325C}
	EndProjectSection
EndProject
Project("{8BC9CEB8-8B4A-11D0-8D11-00A0C91BC942}") = "sundials_sunlinsoldense_static", "src\sunlinsol_dense\sundials_sunlinsoldense_static.vcxproj", "{3675D6F9-4266-3DC0-A1FB-D3E4A2CCD3D9}"
	ProjectSection(ProjectDependencies) = postProject
		{BE97B066-C0FA-329E-9BD1-7343E832883C} = {BE97B066-C0FA-329E-9BD1-7343E832883C}
	EndProjectSection
EndProject
Project("{8BC9CEB8-8B4A-11D0-8D11-00A0C91BC942}") = "sundials_sunlinsolpcg_shared", "src\sunlinsol_pcg\sundials_sunlinsolpcg_shared.vcxproj", "{3FBC7C75-0D3D-3A8E-ADB6-33C7DF66C6B2}"
	ProjectSection(ProjectDependencies) = postProject
		{BE97B066-C0FA-329E-9BD1-7343E832883C} = {BE97B066-C0FA-329E-9BD1-7343E832883C}
	EndProjectSection
EndProject
Project("{8BC9CEB8-8B4A-11D0-8D11-00A0C91BC942}") = "sundials_sunlinsolpcg_static", "src\sunlinsol_pcg\sundials_sunlinsolpcg_static.vcxproj", "{CFC962BA-C380-37B1-AC2E-0C15DCD4D99B}"
	ProjectSection(ProjectDependencies) = postProject
		{BE97B066-C0FA-329E-9BD1-7343E832883C} = {BE97B066-C0FA-329E-9BD1-7343E832883C}
	EndProjectSection
EndProject
Project("{8BC9CEB8-8B4A-11D0-8D11-00A0C91BC942}") = "sundials_sunlinsolspbcgs_shared", "src\sunlinsol_spbcgs\sundials_sunlinsolspbcgs_shared.vcxproj", "{3D4EA00B-D5E7-39D8-BCC8-0A744A1C23F3}"
	ProjectSection(ProjectDependencies) = postProject
		{BE97B066-C0FA-329E-9BD1-7343E832883C} = {BE97B066-C0FA-329E-9BD1-7343E832883C}
	EndProjectSection
EndProject
Project("{8BC9CEB8-8B4A-11D0-8D11-00A0C91BC942}") = "sundials_sunlinsolspbcgs_static", "src\sunlinsol_spbcgs\sundials_sunlinsolspbcgs_static.vcxproj", "{BB0A485C-11DF-3EEA-A619-0D99E75870DE}"
	ProjectSection(ProjectDependencies) = postProject
		{BE97B066-C0FA-329E-9BD1-7343E832883C} = {BE97B066-C0FA-329E-9BD1-7343E832883C}
	EndProjectSection
EndProject
Project("{8BC9CEB8-8B4A-11D0-8D11-00A0C91BC942}") = "sundials_sunlinsolspfgmr_shared", "src\sunlinsol_spfgmr\sundials_sunlinsolspfgmr_shared.vcxproj", "{1977D1DF-5AC0-3129-A491-206C79E37037}"
	ProjectSection(ProjectDependencies) = postProject
		{BE97B066-C0FA-329E-9BD1-7343E832883C} = {BE97B066-C0FA-329E-9BD1-7343E832883C}
	EndProjectSection
EndProject
Project("{8BC9CEB8-8B4A-11D0-8D11-00A0C91BC942}") = "sundials_sunlinsolspfgmr_static", "src\sunlinsol_spfgmr\sundials_sunlinsolspfgmr_static.vcxproj", "{D26C18F4-6041-3553-B0A4-F8F1E5F777A4}"
	ProjectSection(ProjectDependencies) = postProject
		{BE97B066-C0FA-329E-9BD1-7343E832883C} = {BE97B066-C0FA-329E-9BD1-7343E832883C}
	EndProjectSection
EndProject
Project("{8BC9CEB8-8B4A-11D0-8D11-00A0C91BC942}") = "sundials_sunlinsolspgmr_shared", "src\sunlinsol_spgmr\sundials_sunlinsolspgmr_shared.vcxproj", "{65DEA15C-A1B1-3A73-B5A2-FBC13C7F0F60}"
	ProjectSection(ProjectDependencies) = postProject
		{BE97B066-C0FA-329E-9BD1-7343E832883C} = {BE97B066-C0FA-329E-9BD1-7343E832883C}
	EndProjectSection
EndProject
Project("{8BC9CEB8-8B4A-11D0-8D11-00A0C91BC942}") = "sundials_sunlinsolspgmr_static", "src\sunlinsol_spgmr\sundials_sunlinsolspgmr_static.vcxproj", "{CF7DC8CC-38E3-36B9-9D2F-56443415A331}"
	ProjectSection(ProjectDependencies) = postProject
		{BE97B066-C0FA-329E-9BD1-7343E832883C} = {BE97B066-C0FA-329E-9BD1-7343E832883C}
	EndProjectSection
EndProject
Project("{8BC9CEB8-8B4A-11D0-8D11-00A0C91BC942}") = "sundials_sunlinsolsptfqmr_shared", "src\sunlinsol_sptfqmr\sundials_sunlinsolsptfqmr_shared.vcxproj", "{0CC99382-C475-31BD-98E3-1A8E743B26F1}"
	ProjectSection(ProjectDependencies) = postProject
		{BE97B066-C0FA-329E-9BD1-7343E832883C} = {BE97B066-C0FA-329E-9BD1-7343E832883C}
	EndProjectSection
EndProject
Project("{8BC9CEB8-8B4A-11D0-8D11-00A0C91BC942}") = "sundials_sunlinsolsptfqmr_static", "src\sunlinsol_sptfqmr\sundials_sunlinsolsptfqmr_static.vcxproj", "{61B86B79-6D56-3C79-9158-19CBB71214C8}"
	ProjectSection(ProjectDependencies) = postProject
		{BE97B066-C0FA-329E-9BD1-7343E832883C} = {BE97B066-C0FA-329E-9BD1-7343E832883C}
	EndProjectSection
EndProject
Project("{8BC9CEB8-8B4A-11D0-8D11-00A0C91BC942}") = "sundials_sunmatrixband_shared", "src\sunmat_band\sundials_sunmatrixband_shared.vcxproj", "{F2DE27EE-8E1C-39FF-A4DF-6EA247B15609}"
	ProjectSection(ProjectDependencies) = postProject
		{BE97B066-C0FA-329E-9BD1-7343E832883C} = {BE97B066-C0FA-329E-9BD1-7343E832883C}
	EndProjectSection
EndProject
Project("{8BC9CEB8-8B4A-11D0-8D11-00A0C91BC942}") = "sundials_sunmatrixband_static", "src\sunmat_band\sundials_sunmatrixband_static.vcxproj", "{1C211F06-5FC6-37A6-8CC0-4E9562810415}"
	ProjectSection(ProjectDependencies) = postProject
		{BE97B066-C0FA-329E-9BD1-7343E832883C} = {BE97B066-C0FA-329E-9BD1-7343E832883C}
	EndProjectSection
EndProject
Project("{8BC9CEB8-8B4A-11D0-8D11-00A0C91BC942}") = "sundials_sunmatrixdense_shared", "src\sunmat_dense\sundials_sunmatrixdense_shared.vcxproj", "{110C680C-289C-3A95-8AEF-2063EF4F325C}"
	ProjectSection(ProjectDependencies) = postProject
		{BE97B066-C0FA-329E-9BD1-7343E832883C} = {BE97B066-C0FA-329E-9BD1-7343E832883C}
	EndProjectSection
EndProject
Project("{8BC9CEB8-8B4A-11D0-8D11-00A0C91BC942}") = "sundials_sunmatrixdense_static", "src\sunmat_dense\sundials_sunmatrixdense_static.vcxproj", "{1D5E4C40-8583-3517-BEB7-8E502CFA6C3A}"
	ProjectSection(ProjectDependencies) = postProject
		{BE97B066-C0FA-329E-9BD1-7343E832883C} = {BE97B066-C0FA-329E-9BD1-7343E832883C}
	EndProjectSection
EndProject
Project("{8BC9CEB8-8B4A-11D0-8D11-00A0C91BC942}") = "sundials_sunmatrixsparse_shared", "src\sunmat_sparse\sundials_sunmatrixsparse_shared.vcxproj", "{0A2ECCE6-F09B-3EA8-9608-260490C45292}"
	ProjectSection(ProjectDependencies) = postProject
		{BE97B066-C0FA-329E-9BD1-7343E832883C} = {BE97B066-C0FA-329E-9BD1-7343E832883C}
	EndProjectSection
EndProject
Project("{8BC9CEB8-8B4A-11D0-8D11-00A0C91BC942}") = "sundials_sunmatrixsparse_static", "src\sunmat_sparse\sundials_sunmatrixsparse_static.vcxproj", "{8A8C34A1-A8DF-3E88-8D30-2EE03C32D8C7}"
	ProjectSection(ProjectDependencies) = postProject
		{BE97B066-C0FA-329E-9BD1-7343E832883C} = {BE97B066-C0FA-329E-9BD1-7343E832883C}
	EndProjectSection
EndProject
Project("{8BC9CEB8-8B4A-11D0-8D11-00A0C91BC942}") = "test_install", "test_install.vcxproj", "{E7087D2D-970D-3BF0-B6A7-277B72FC35D9}"
	ProjectSection(ProjectDependencies) = postProject
		{BE97B066-C0FA-329E-9BD1-7343E832883C} = {BE97B066-C0FA-329E-9BD1-7343E832883C}
		{35FB3CF9-B3CC-3A6E-BD05-8ACD5A57E6CE} = {35FB3CF9-B3CC-3A6E-BD05-8ACD5A57E6CE}
		{9201EB51-9E7F-3B10-812A-15DCA47BE06D} = {9201EB51-9E7F-3B10-812A-15DCA47BE06D}
		{75721D03-0E8D-33A4-B82E-A44FAA812501} = {75721D03-0E8D-33A4-B82E-A44FAA812501}
		{F9B8C3A9-023D-3329-9E0C-A86D3A20096C} = {F9B8C3A9-023D-3329-9E0C-A86D3A20096C}
		{72C8CF08-59B6-3EAE-8F65-56EB37460A0D} = {72C8CF08-59B6-3EAE-8F65-56EB37460A0D}
		{5C3BE210-17EE-3FCB-A8BE-3ACB5E6C8C6E} = {5C3BE210-17EE-3FCB-A8BE-3ACB5E6C8C6E}
	EndProjectSection
EndProject
Project("{8BC9CEB8-8B4A-11D0-8D11-00A0C91BC942}") = "test_nvector_serial", "examples\nvector\serial\test_nvector_serial.vcxproj", "{3D150462-040C-3E5E-9A48-74E07BC95A28}"
	ProjectSection(ProjectDependencies) = postProject
		{BE97B066-C0FA-329E-9BD1-7343E832883C} = {BE97B066-C0FA-329E-9BD1-7343E832883C}
		{2C8424D6-5B43-3B7A-8392-670859EFFBEB} = {2C8424D6-5B43-3B7A-8392-670859EFFBEB}
	EndProjectSection
EndProject
Project("{8BC9CEB8-8B4A-11D0-8D11-00A0C91BC942}") = "test_sunlinsol_band", "examples\sunlinsol\band\test_sunlinsol_band.vcxproj", "{73109BE2-A7CA-3D63-8FBF-C18050AD4856}"
	ProjectSection(ProjectDependencies) = postProject
		{BE97B066-C0FA-329E-9BD1-7343E832883C} = {BE97B066-C0FA-329E-9BD1-7343E832883C}
		{2C8424D6-5B43-3B7A-8392-670859EFFBEB} = {2C8424D6-5B43-3B7A-8392-670859EFFBEB}
		{900D5F87-3EE5-330B-AA75-BE90244FBC3F} = {900D5F87-3EE5-330B-AA75-BE90244FBC3F}
		{F2DE27EE-8E1C-39FF-A4DF-6EA247B15609} = {F2DE27EE-8E1C-39FF-A4DF-6EA247B15609}
	EndProjectSection
EndProject
Project("{8BC9CEB8-8B4A-11D0-8D11-00A0C91BC942}") = "test_sunlinsol_dense", "examples\sunlinsol\dense\test_sunlinsol_dense.vcxproj", "{12AD1E48-5B26-3647-9D60-E36E8EDF100B}"
	ProjectSection(ProjectDependencies) = postProject
		{BE97B066-C0FA-329E-9BD1-7343E832883C} = {BE97B066-C0FA-329E-9BD1-7343E832883C}
		{2C8424D6-5B43-3B7A-8392-670859EFFBEB} = {2C8424D6-5B43-3B7A-8392-670859EFFBEB}
		{5A579ABD-CA0B-3CDF-982C-A6681562DCA2} = {5A579ABD-CA0B-3CDF-982C-A6681562DCA2}
		{110C680C-289C-3A95-8AEF-2063EF4F325C} = {110C680C-289C-3A95-8AEF-2063EF4F325C}
	EndProjectSection
EndProject
Project("{8BC9CEB8-8B4A-11D0-8D11-00A0C91BC942}") = "test_sunlinsol_pcg_serial", "examples\sunlinsol\pcg\serial\test_sunlinsol_pcg_serial.vcxproj", "{9CD011AE-E0D0-31DD-9C80-74B9D05CE83B}"
	ProjectSection(ProjectDependencies) = postProject
		{BE97B066-C0FA-329E-9BD1-7343E832883C} = {BE97B066-C0FA-329E-9BD1-7343E832883C}
		{2C8424D6-5B43-3B7A-8392-670859EFFBEB} = {2C8424D6-5B43-3B7A-8392-670859EFFBEB}
		{3FBC7C75-0D3D-3A8E-ADB6-33C7DF66C6B2} = {3FBC7C75-0D3D-3A8E-ADB6-33C7DF66C6B2}
	EndProjectSection
EndProject
Project("{8BC9CEB8-8B4A-11D0-8D11-00A0C91BC942}") = "test_sunlinsol_spbcgs_serial", "examples\sunlinsol\spbcgs\serial\test_sunlinsol_spbcgs_serial.vcxproj", "{E2FADE23-7CC9-3B94-94F9-FF848FCC2695}"
	ProjectSection(ProjectDependencies) = postProject
		{BE97B066-C0FA-329E-9BD1-7343E832883C} = {BE97B066-C0FA-329E-9BD1-7343E832883C}
		{2C8424D6-5B43-3B7A-8392-670859EFFBEB} = {2C8424D6-5B43-3B7A-8392-670859EFFBEB}
		{3D4EA00B-D5E7-39D8-BCC8-0A744A1C23F3} = {3D4EA00B-D5E7-39D8-BCC8-0A744A1C23F3}
	EndProjectSection
EndProject
Project("{8BC9CEB8-8B4A-11D0-8D11-00A0C91BC942}") = "test_sunlinsol_spfgmr_serial", "examples\sunlinsol\spfgmr\serial\test_sunlinsol_spfgmr_serial.vcxproj", "{20F2F179-6AB4-3976-A857-B8D84706C7B8}"
	ProjectSection(ProjectDependencies) = postProject
		{BE97B066-C0FA-329E-9BD1-7343E832883C} = {BE97B066-C0FA-329E-9BD1-7343E832883C}
		{2C8424D6-5B43-3B7A-8392-670859EFFBEB} = {2C8424D6-5B43-3B7A-8392-670859EFFBEB}
		{1977D1DF-5AC0-3129-A491-206C79E37037} = {1977D1DF-5AC0-3129-A491-206C79E37037}
	EndProjectSection
EndProject
Project("{8BC9CEB8-8B4A-11D0-8D11-00A0C91BC942}") = "test_sunlinsol_spgmr_serial", "examples\sunlinsol\spgmr\serial\test_sunlinsol_spgmr_serial.vcxproj", "{A86172A8-7D7F-382E-BE12-B6C6A5456125}"
	ProjectSection(ProjectDependencies) = postProject
		{BE97B066-C0FA-329E-9BD1-7343E832883C} = {BE97B066-C0FA-329E-9BD1-7343E832883C}
		{2C8424D6-5B43-3B7A-8392-670859EFFBEB} = {2C8424D6-5B43-3B7A-8392-670859EFFBEB}
		{65DEA15C-A1B1-3A73-B5A2-FBC13C7F0F60} = {65DEA15C-A1B1-3A73-B5A2-FBC13C7F0F60}
	EndProjectSection
EndProject
Project("{8BC9CEB8-8B4A-11D0-8D11-00A0C91BC942}") = "test_sunlinsol_sptfqmr_serial", "examples\sunlinsol\sptfqmr\serial\test_sunlinsol_sptfqmr_serial.vcxproj", "{6AC25896-A709-35E2-B6EA-3DB455722EE7}"
	ProjectSection(ProjectDependencies) = postProject
		{BE97B066-C0FA-329E-9BD1-7343E832883C} = {BE97B066-C0FA-329E-9BD1-7343E832883C}
		{2C8424D6-5B43-3B7A-8392-670859EFFBEB} = {2C8424D6-5B43-3B7A-8392-670859EFFBEB}
		{0CC99382-C475-31BD-98E3-1A8E743B26F1} = {0CC99382-C475-31BD-98E3-1A8E743B26F1}
	EndProjectSection
EndProject
Project("{8BC9CEB8-8B4A-11D0-8D11-00A0C91BC942}") = "test_sunmatrix_band", "examples\sunmatrix\band\test_sunmatrix_band.vcxproj", "{A285B7A4-64CC-31B9-B5A7-B65211F4B565}"
	ProjectSection(ProjectDependencies) = postProject
		{BE97B066-C0FA-329E-9BD1-7343E832883C} = {BE97B066-C0FA-329E-9BD1-7343E832883C}
		{2C8424D6-5B43-3B7A-8392-670859EFFBEB} = {2C8424D6-5B43-3B7A-8392-670859EFFBEB}
		{F2DE27EE-8E1C-39FF-A4DF-6EA247B15609} = {F2DE27EE-8E1C-39FF-A4DF-6EA247B15609}
	EndProjectSection
EndProject
Project("{8BC9CEB8-8B4A-11D0-8D11-00A0C91BC942}") = "test_sunmatrix_dense", "examples\sunmatrix\dense\test_sunmatrix_dense.vcxproj", "{B610A13E-6CB6-3F86-A9A9-85B83A76F379}"
	ProjectSection(ProjectDependencies) = postProject
		{BE97B066-C0FA-329E-9BD1-7343E832883C} = {BE97B066-C0FA-329E-9BD1-7343E832883C}
		{2C8424D6-5B43-3B7A-8392-670859EFFBEB} = {2C8424D6-5B43-3B7A-8392-670859EFFBEB}
		{110C680C-289C-3A95-8AEF-2063EF4F325C} = {110C680C-289C-3A95-8AEF-2063EF4F325C}
	EndProjectSection
EndProject
Project("{8BC9CEB8-8B4A-11D0-8D11-00A0C91BC942}") = "test_sunmatrix_sparse", "examples\sunmatrix\sparse\test_sunmatrix_sparse.vcxproj", "{9F7516E9-5BD5-32C7-9DF5-34E466A9C68B}"
	ProjectSection(ProjectDependencies) = postProject
		{BE97B066-C0FA-329E-9BD1-7343E832883C} = {BE97B066-C0FA-329E-9BD1-7343E832883C}
		{2C8424D6-5B43-3B7A-8392-670859EFFBEB} = {2C8424D6-5B43-3B7A-8392-670859EFFBEB}
		{F2DE27EE-8E1C-39FF-A4DF-6EA247B15609} = {F2DE27EE-8E1C-39FF-A4DF-6EA247B15609}
		{110C680C-289C-3A95-8AEF-2063EF4F325C} = {110C680C-289C-3A95-8AEF-2063EF4F325C}
		{0A2ECCE6-F09B-3EA8-9608-260490C45292} = {0A2ECCE6-F09B-3EA8-9608-260490C45292}
	EndProjectSection
EndProject
Global
	GlobalSection(SolutionConfigurationPlatforms) = preSolution
		Release|x64 = Release|x64
	EndGlobalSection
	GlobalSection(ProjectConfigurationPlatforms) = postSolution
		{6EE29ED6-A195-39D5-8A18-A64C36831DB3}.Release|x64.ActiveCfg = Release|x64
		{6EE29ED6-A195-39D5-8A18-A64C36831DB3}.Release|x64.Build.0 = Release|x64
		{D9A898A2-EA75-324E-B233-2C2AF0F61408}.Release|x64.ActiveCfg = Release|x64
		{CC2B3FF8-CFFB-3023-ACC8-0278FF8F8E84}.Release|x64.ActiveCfg = Release|x64
		{BE97B066-C0FA-329E-9BD1-7343E832883C}.Release|x64.ActiveCfg = Release|x64
		{BE97B066-C0FA-329E-9BD1-7343E832883C}.Release|x64.Build.0 = Release|x64
		{2BEF5011-DF2E-30DC-A2CC-DE3E6E3B2878}.Release|x64.ActiveCfg = Release|x64
		{2BEF5011-DF2E-30DC-A2CC-DE3E6E3B2878}.Release|x64.Build.0 = Release|x64
		{6EAEB6B6-46CC-345D-AF0E-F66F939D8EBD}.Release|x64.ActiveCfg = Release|x64
		{6EAEB6B6-46CC-345D-AF0E-F66F939D8EBD}.Release|x64.Build.0 = Release|x64
		{83038559-1E3C-3A48-91CC-61E67E83CCCA}.Release|x64.ActiveCfg = Release|x64
		{83038559-1E3C-3A48-91CC-61E67E83CCCA}.Release|x64.Build.0 = Release|x64
		{B5CE47A3-B050-367D-98BF-0C80A3EE5DD3}.Release|x64.ActiveCfg = Release|x64
		{B5CE47A3-B050-367D-98BF-0C80A3EE5DD3}.Release|x64.Build.0 = Release|x64
		{310BB9D9-043B-36FC-964B-2BC78B57124B}.Release|x64.ActiveCfg = Release|x64
		{310BB9D9-043B-36FC-964B-2BC78B57124B}.Release|x64.Build.0 = Release|x64
		{708CA789-3B85-31B0-A5D9-6BC93E1EE8A4}.Release|x64.ActiveCfg = Release|x64
		{708CA789-3B85-31B0-A5D9-6BC93E1EE8A4}.Release|x64.Build.0 = Release|x64
		{59DFFF26-7C88-378E-BE8C-D1C2758F0F56}.Release|x64.ActiveCfg = Release|x64
		{59DFFF26-7C88-378E-BE8C-D1C2758F0F56}.Release|x64.Build.0 = Release|x64
		{29D9D7B9-FE12-33E7-B98B-0ED4BDD315A3}.Release|x64.ActiveCfg = Release|x64
		{29D9D7B9-FE12-33E7-B98B-0ED4BDD315A3}.Release|x64.Build.0 = Release|x64
		{6708C611-C193-3A27-B6AB-610F3337F8AF}.Release|x64.ActiveCfg = Release|x64
		{6708C611-C193-3A27-B6AB-610F3337F8AF}.Release|x64.Build.0 = Release|x64
		{AD0063E0-0C18-312B-990F-6C2024784913}.Release|x64.ActiveCfg = Release|x64
		{AD0063E0-0C18-312B-990F-6C2024784913}.Release|x64.Build.0 = Release|x64
		{35FB3CF9-B3CC-3A6E-BD05-8ACD5A57E6CE}.Release|x64.ActiveCfg = Release|x64
		{35FB3CF9-B3CC-3A6E-BD05-8ACD5A57E6CE}.Release|x64.Build.0 = Release|x64
		{432D6CB5-947B-3D8C-B1FE-A1862289DF99}.Release|x64.ActiveCfg = Release|x64
		{432D6CB5-947B-3D8C-B1FE-A1862289DF99}.Release|x64.Build.0 = Release|x64
		{AA14D8E0-54DF-3824-89D2-62F0085AA11B}.Release|x64.ActiveCfg = Release|x64
		{AA14D8E0-54DF-3824-89D2-62F0085AA11B}.Release|x64.Build.0 = Release|x64
		{3AF4B4EF-6C32-393A-899D-629DF0C71279}.Release|x64.ActiveCfg = Release|x64
		{3AF4B4EF-6C32-393A-899D-629DF0C71279}.Release|x64.Build.0 = Release|x64
		{641E58CF-94CB-368F-8D6E-6A91B78A3009}.Release|x64.ActiveCfg = Release|x64
		{641E58CF-94CB-368F-8D6E-6A91B78A3009}.Release|x64.Build.0 = Release|x64
		{D650894E-B298-3E92-B051-15FB2B44B14B}.Release|x64.ActiveCfg = Release|x64
		{D650894E-B298-3E92-B051-15FB2B44B14B}.Release|x64.Build.0 = Release|x64
		{D9088920-2652-389D-A3C5-C3F4CD381E32}.Release|x64.ActiveCfg = Release|x64
		{D9088920-2652-389D-A3C5-C3F4CD381E32}.Release|x64.Build.0 = Release|x64
		{F046FF05-3D32-3990-BEDB-6D5A724C37A5}.Release|x64.ActiveCfg = Release|x64
		{F046FF05-3D32-3990-BEDB-6D5A724C37A5}.Release|x64.Build.0 = Release|x64
		{DEEE103A-0046-3D41-A305-7672EF2EC3AA}.Release|x64.ActiveCfg = Release|x64
		{DEEE103A-0046-3D41-A305-7672EF2EC3AA}.Release|x64.Build.0 = Release|x64
		{9201EB51-9E7F-3B10-812A-15DCA47BE06D}.Release|x64.ActiveCfg = Release|x64
		{9201EB51-9E7F-3B10-812A-15DCA47BE06D}.Release|x64.Build.0 = Release|x64
		{75721D03-0E8D-33A4-B82E-A44FAA812501}.Release|x64.ActiveCfg = Release|x64
		{75721D03-0E8D-33A4-B82E-A44FAA812501}.Release|x64.Build.0 = Release|x64
		{1A059A5F-B9E6-36A8-96EE-B7B2A8834006}.Release|x64.ActiveCfg = Release|x64
		{1A059A5F-B9E6-36A8-96EE-B7B2A8834006}.Release|x64.Build.0 = Release|x64
		{1761C1BB-2A03-3AEB-8420-8833358C7AD9}.Release|x64.ActiveCfg = Release|x64
		{1761C1BB-2A03-3AEB-8420-8833358C7AD9}.Release|x64.Build.0 = Release|x64
		{DC2C81C3-104F-3C5C-BAAC-1570E4BE9800}.Release|x64.ActiveCfg = Release|x64
		{DC2C81C3-104F-3C5C-BAAC-1570E4BE9800}.Release|x64.Build.0 = Release|x64
		{59DA2DF7-882F-3323-815C-52B9BE362F85}.Release|x64.ActiveCfg = Release|x64
		{59DA2DF7-882F-3323-815C-52B9BE362F85}.Release|x64.Build.0 = Release|x64
		{167F45FB-74BE-3CE6-8B16-9769887D65C8}.Release|x64.ActiveCfg = Release|x64
		{167F45FB-74BE-3CE6-8B16-9769887D65C8}.Release|x64.Build.0 = Release|x64
		{70EAAB56-CCA6-3153-948B-1DDFDF81D52E}.Release|x64.ActiveCfg = Release|x64
		{70EAAB56-CCA6-3153-948B-1DDFDF81D52E}.Release|x64.Build.0 = Release|x64
		{363264AE-F1FA-3A38-9791-52C3FC18B226}.Release|x64.ActiveCfg = Release|x64
		{363264AE-F1FA-3A38-9791-52C3FC18B226}.Release|x64.Build.0 = Release|x64
		{A071CC95-2F1D-38F9-A66E-20E5745D2CE0}.Release|x64.ActiveCfg = Release|x64
		{A071CC95-2F1D-38F9-A66E-20E5745D2CE0}.Release|x64.Build.0 = Release|x64
		{125180DB-1BE2-3546-9B4B-01B158E530F4}.Release|x64.ActiveCfg = Release|x64
		{125180DB-1BE2-3546-9B4B-01B158E530F4}.Release|x64.Build.0 = Release|x64
		{728C6570-81EB-30E4-8F74-7DC85A125844}.Release|x64.ActiveCfg = Release|x64
		{728C6570-81EB-30E4-8F74-7DC85A125844}.Release|x64.Build.0 = Release|x64
		{367CC118-D02E-37E9-AF62-0C49820A6D81}.Release|x64.ActiveCfg = Release|x64
		{367CC118-D02E-37E9-AF62-0C49820A6D81}.Release|x64.Build.0 = Release|x64
		{127DF91C-4839-3D71-8FBC-AAED4D59B973}.Release|x64.ActiveCfg = Release|x64
		{127DF91C-4839-3D71-8FBC-AAED4D59B973}.Release|x64.Build.0 = Release|x64
		{2C591BB5-3BEC-3E69-A70D-B35071C06D0F}.Release|x64.ActiveCfg = Release|x64
		{2C591BB5-3BEC-3E69-A70D-B35071C06D0F}.Release|x64.Build.0 = Release|x64
		{B0E9D8A4-6C1C-3E20-BAB2-D59C846E9A8C}.Release|x64.ActiveCfg = Release|x64
		{B0E9D8A4-6C1C-3E20-BAB2-D59C846E9A8C}.Release|x64.Build.0 = Release|x64
		{C2F08333-AB1A-30A0-AE37-317CFDAB5049}.Release|x64.ActiveCfg = Release|x64
		{C2F08333-AB1A-30A0-AE37-317CFDAB5049}.Release|x64.Build.0 = Release|x64
		{7DFC631A-DECD-3084-8803-1E90BECAA27A}.Release|x64.ActiveCfg = Release|x64
		{7DFC631A-DECD-3084-8803-1E90BECAA27A}.Release|x64.Build.0 = Release|x64
		{47798038-ADA5-3E04-A863-2B0AA5615149}.Release|x64.ActiveCfg = Release|x64
		{47798038-ADA5-3E04-A863-2B0AA5615149}.Release|x64.Build.0 = Release|x64
		{B7998074-A15D-331B-91DC-F9752F0C7D98}.Release|x64.ActiveCfg = Release|x64
		{B7998074-A15D-331B-91DC-F9752F0C7D98}.Release|x64.Build.0 = Release|x64
		{250326EF-E377-36A7-8E33-3A0022B130CE}.Release|x64.ActiveCfg = Release|x64
		{250326EF-E377-36A7-8E33-3A0022B130CE}.Release|x64.Build.0 = Release|x64
		{8E2F9EBF-9D15-39C6-8E63-6EE7C34346BF}.Release|x64.ActiveCfg = Release|x64
		{8E2F9EBF-9D15-39C6-8E63-6EE7C34346BF}.Release|x64.Build.0 = Release|x64
		{FB9BD2C4-585B-3B4A-904F-BEED1F8989B1}.Release|x64.ActiveCfg = Release|x64
		{FB9BD2C4-585B-3B4A-904F-BEED1F8989B1}.Release|x64.Build.0 = Release|x64
		{9E12FB53-5306-321D-9398-36C5A4745453}.Release|x64.ActiveCfg = Release|x64
		{9E12FB53-5306-321D-9398-36C5A4745453}.Release|x64.Build.0 = Release|x64
		{4DEA82A2-BF0B-3C06-8DDF-76A5441C0098}.Release|x64.ActiveCfg = Release|x64
		{4DEA82A2-BF0B-3C06-8DDF-76A5441C0098}.Release|x64.Build.0 = Release|x64
		{F9B8C3A9-023D-3329-9E0C-A86D3A20096C}.Release|x64.ActiveCfg = Release|x64
		{F9B8C3A9-023D-3329-9E0C-A86D3A20096C}.Release|x64.Build.0 = Release|x64
		{E1B67995-0847-3742-8069-9EBF1FC1B3ED}.Release|x64.ActiveCfg = Release|x64
		{E1B67995-0847-3742-8069-9EBF1FC1B3ED}.Release|x64.Build.0 = Release|x64
		{58AC667D-A273-3012-B8CB-F538AEDE3181}.Release|x64.ActiveCfg = Release|x64
		{58AC667D-A273-3012-B8CB-F538AEDE3181}.Release|x64.Build.0 = Release|x64
		{604118BD-04A8-3FC3-AC7B-10F8D72F9D25}.Release|x64.ActiveCfg = Release|x64
		{604118BD-04A8-3FC3-AC7B-10F8D72F9D25}.Release|x64.Build.0 = Release|x64
		{8DDF4E1D-1B92-3B33-A51A-6379DD2620AE}.Release|x64.ActiveCfg = Release|x64
		{8DDF4E1D-1B92-3B33-A51A-6379DD2620AE}.Release|x64.Build.0 = Release|x64
		{A61FB19F-3A69-3817-9262-BFF5585BB28C}.Release|x64.ActiveCfg = Release|x64
		{A61FB19F-3A69-3817-9262-BFF5585BB28C}.Release|x64.Build.0 = Release|x64
		{6B81318C-201C-3932-B9BE-9EB926223CF2}.Release|x64.ActiveCfg = Release|x64
		{6B81318C-201C-3932-B9BE-9EB926223CF2}.Release|x64.Build.0 = Release|x64
		{3EC71E6E-87B5-3E54-A66C-875D4ACFE01B}.Release|x64.ActiveCfg = Release|x64
		{3EC71E6E-87B5-3E54-A66C-875D4ACFE01B}.Release|x64.Build.0 = Release|x64
		{AEAB668D-A7FF-30AC-B551-D8E422EC7477}.Release|x64.ActiveCfg = Release|x64
		{AEAB668D-A7FF-30AC-B551-D8E422EC7477}.Release|x64.Build.0 = Release|x64
		{EB3070E2-7D62-3E61-BE97-18F51E90DA95}.Release|x64.ActiveCfg = Release|x64
		{EB3070E2-7D62-3E61-BE97-18F51E90DA95}.Release|x64.Build.0 = Release|x64
		{05D41DAB-E979-3AE4-94FE-D3AB3590C842}.Release|x64.ActiveCfg = Release|x64
		{05D41DAB-E979-3AE4-94FE-D3AB3590C842}.Release|x64.Build.0 = Release|x64
		{307D1BCE-1808-380B-B817-F8D6FFAB5AF0}.Release|x64.ActiveCfg = Release|x64
		{307D1BCE-1808-380B-B817-F8D6FFAB5AF0}.Release|x64.Build.0 = Release|x64
		{060C0E82-8945-3D65-A263-E783998044DF}.Release|x64.ActiveCfg = Release|x64
		{060C0E82-8945-3D65-A263-E783998044DF}.Release|x64.Build.0 = Release|x64
		{72C8CF08-59B6-3EAE-8F65-56EB37460A0D}.Release|x64.ActiveCfg = Release|x64
		{72C8CF08-59B6-3EAE-8F65-56EB37460A0D}.Release|x64.Build.0 = Release|x64
		{4FD34CAB-9334-3961-B5BD-C020B7AB86EB}.Release|x64.ActiveCfg = Release|x64
		{4FD34CAB-9334-3961-B5BD-C020B7AB86EB}.Release|x64.Build.0 = Release|x64
		{9DE635B6-1B83-3F04-B086-3BAD17C13421}.Release|x64.ActiveCfg = Release|x64
		{9DE635B6-1B83-3F04-B086-3BAD17C13421}.Release|x64.Build.0 = Release|x64
		{754DA024-5721-30AC-985A-5593494AD009}.Release|x64.ActiveCfg = Release|x64
		{754DA024-5721-30AC-985A-5593494AD009}.Release|x64.Build.0 = Release|x64
		{DDB425BF-AC46-3F80-83DB-B45D2A3929F3}.Release|x64.ActiveCfg = Release|x64
		{DDB425BF-AC46-3F80-83DB-B45D2A3929F3}.Release|x64.Build.0 = Release|x64
		{3EBB9E22-C4A8-3F6C-B691-1E79169CF70E}.Release|x64.ActiveCfg = Release|x64
		{3EBB9E22-C4A8-3F6C-B691-1E79169CF70E}.Release|x64.Build.0 = Release|x64
		{A4B60BB4-131F-33E9-9380-661C001C9E24}.Release|x64.ActiveCfg = Release|x64
		{A4B60BB4-131F-33E9-9380-661C001C9E24}.Release|x64.Build.0 = Release|x64
		{C86C0362-94F8-3874-B2D3-0B29DB301263}.Release|x64.ActiveCfg = Release|x64
		{C86C0362-94F8-3874-B2D3-0B29DB301263}.Release|x64.Build.0 = Release|x64
		{5C3BE210-17EE-3FCB-A8BE-3ACB5E6C8C6E}.Release|x64.ActiveCfg = Release|x64
		{5C3BE210-17EE-3FCB-A8BE-3ACB5E6C8C6E}.Release|x64.Build.0 = Release|x64
		{C0FA6506-76ED-3BED-909D-D347FF8CB826}.Release|x64.ActiveCfg = Release|x64
		{C0FA6506-76ED-3BED-909D-D347FF8CB826}.Release|x64.Build.0 = Release|x64
		{3E57063D-3E15-33B6-A086-839F3F742B08}.Release|x64.ActiveCfg = Release|x64
		{3E57063D-3E15-33B6-A086-839F3F742B08}.Release|x64.Build.0 = Release|x64
		{F72FC20A-528B-350D-8AB6-C433D73ACA8E}.Release|x64.ActiveCfg = Release|x64
		{F72FC20A-528B-350D-8AB6-C433D73ACA8E}.Release|x64.Build.0 = Release|x64
		{D785EA88-549A-3EC6-AF65-D570281CE047}.Release|x64.ActiveCfg = Release|x64
		{D785EA88-549A-3EC6-AF65-D570281CE047}.Release|x64.Build.0 = Release|x64
		{C5790E38-8B1B-3A82-9179-852AEDEEAF63}.Release|x64.ActiveCfg = Release|x64
		{C5790E38-8B1B-3A82-9179-852AEDEEAF63}.Release|x64.Build.0 = Release|x64
		{78123810-B000-35EF-9B53-B200266C0498}.Release|x64.ActiveCfg = Release|x64
		{78123810-B000-35EF-9B53-B200266C0498}.Release|x64.Build.0 = Release|x64
		{30CA808B-F906-3F1E-8F52-B71AA92E6176}.Release|x64.ActiveCfg = Release|x64
		{30CA808B-F906-3F1E-8F52-B71AA92E6176}.Release|x64.Build.0 = Release|x64
		{07C640E1-C1D5-3017-8909-8593061F56BF}.Release|x64.ActiveCfg = Release|x64
		{07C640E1-C1D5-3017-8909-8593061F56BF}.Release|x64.Build.0 = Release|x64
		{A3963120-61A0-3D2F-9DDA-9E39F81A478C}.Release|x64.ActiveCfg = Release|x64
		{A3963120-61A0-3D2F-9DDA-9E39F81A478C}.Release|x64.Build.0 = Release|x64
		{CED458EE-C6CA-3776-B948-50F29CDA8158}.Release|x64.ActiveCfg = Release|x64
		{CED458EE-C6CA-3776-B948-50F29CDA8158}.Release|x64.Build.0 = Release|x64
		{034F42C6-3FDD-306C-AA4E-4C4453E6CA31}.Release|x64.ActiveCfg = Release|x64
		{034F42C6-3FDD-306C-AA4E-4C4453E6CA31}.Release|x64.Build.0 = Release|x64
		{ECA209EE-01F5-3B26-88E5-B86435577B54}.Release|x64.ActiveCfg = Release|x64
		{ECA209EE-01F5-3B26-88E5-B86435577B54}.Release|x64.Build.0 = Release|x64
		{2C8424D6-5B43-3B7A-8392-670859EFFBEB}.Release|x64.ActiveCfg = Release|x64
		{2C8424D6-5B43-3B7A-8392-670859EFFBEB}.Release|x64.Build.0 = Release|x64
		{0FCE9235-B7B8-31F2-BF08-0AE621DE0CF7}.Release|x64.ActiveCfg = Release|x64
		{0FCE9235-B7B8-31F2-BF08-0AE621DE0CF7}.Release|x64.Build.0 = Release|x64
		{900D5F87-3EE5-330B-AA75-BE90244FBC3F}.Release|x64.ActiveCfg = Release|x64
		{900D5F87-3EE5-330B-AA75-BE90244FBC3F}.Release|x64.Build.0 = Release|x64
		{F3163D4D-6ADF-3200-81B8-70822F11070F}.Release|x64.ActiveCfg = Release|x64
		{F3163D4D-6ADF-3200-81B8-70822F11070F}.Release|x64.Build.0 = Release|x64
		{5A579ABD-CA0B-3CDF-982C-A6681562DCA2}.Release|x64.ActiveCfg = Release|x64
		{5A579ABD-CA0B-3CDF-982C-A6681562DCA2}.Release|x64.Build.0 = Release|x64
		{3675D6F9-4266-3DC0-A1FB-D3E4A2CCD3D9}.Release|x64.ActiveCfg = Release|x64
		{3675D6F9-4266-3DC0-A1FB-D3E4A2CCD3D9}.Release|x64.Build.0 = Release|x64
		{3FBC7C75-0D3D-3A8E-ADB6-33C7DF66C6B2}.Release|x64.ActiveCfg = Release|x64
		{3FBC7C75-0D3D-3A8E-ADB6-33C7DF66C6B2}.Release|x64.Build.0 = Release|x64
		{CFC962BA-C380-37B1-AC2E-0C15DCD4D99B}.Release|x64.ActiveCfg = Release|x64
		{CFC962BA-C380-37B1-AC2E-0C15DCD4D99B}.Release|x64.Build.0 = Release|x64
		{3D4EA00B-D5E7-39D8-BCC8-0A744A1C23F3}.Release|x64.ActiveCfg = Release|x64
		{3D4EA00B-D5E7-39D8-BCC8-0A744A1C23F3}.Release|x64.Build.0 = Release|x64
		{BB0A485C-11DF-3EEA-A619-0D99E75870DE}.Release|x64.ActiveCfg = Release|x64
		{BB0A485C-11DF-3EEA-A619-0D99E75870DE}.Release|x64.Build.0 = Release|x64
		{1977D1DF-5AC0-3129-A491-206C79E37037}.Release|x64.ActiveCfg = Release|x64
		{1977D1DF-5AC0-3129-A491-206C79E37037}.Release|x64.Build.0 = Release|x64
		{D26C18F4-6041-3553-B0A4-F8F1E5F777A4}.Release|x64.ActiveCfg = Release|x64
		{D26C18F4-6041-3553-B0A4-F8F1E5F777A4}.Release|x64.Build.0 = Release|x64
		{65DEA15C-A1B1-3A73-B5A2-FBC13C7F0F60}.Release|x64.ActiveCfg = Release|x64
		{65DEA15C-A1B1-3A73-B5A2-FBC13C7F0F60}.Release|x64.Build.0 = Release|x64
		{CF7DC8CC-38E3-36B9-9D2F-56443415A331}.Release|x64.ActiveCfg = Release|x64
		{CF7DC8CC-38E3-36B9-9D2F-56443415A331}.Release|x64.Build.0 = Release|x64
		{0CC99382-C475-31BD-98E3-1A8E743B26F1}.Release|x64.ActiveCfg = Release|x64
		{0CC99382-C475-31BD-98E3-1A8E743B26F1}.Release|x64.Build.0 = Release|x64
		{61B86B79-6D56-3C79-9158-19CBB71214C8}.Release|x64.ActiveCfg = Release|x64
		{61B86B79-6D56-3C79-9158-19CBB71214C8}.Release|x64.Build.0 = Release|x64
		{F2DE27EE-8E1C-39FF-A4DF-6EA247B15609}.Release|x64.ActiveCfg = Release|x64
		{F2DE27EE-8E1C-39FF-A4DF-6EA247B15609}.Release|x64.Build.0 = Release|x64
		{1C211F06-5FC6-37A6-8CC0-4E9562810415}.Release|x64.ActiveCfg = Release|x64
		{1C211F06-5FC6-37A6-8CC0-4E9562810415}.Release|x64.Build.0 = Release|x64
		{110C680C-289C-3A95-8AEF-2063EF4F325C}.Release|x64.ActiveCfg = Release|x64
		{110C680C-289C-3A95-8AEF-2063EF4F325C}.Release|x64.Build.0 = Release|x64
		{1D5E4C40-8583-3517-BEB7-8E502CFA6C3A}.Release|x64.ActiveCfg = Release|x64
		{1D5E4C40-8583-3517-BEB7-8E502CFA6C3A}.Release|x64.Build.0 = Release|x64
		{0A2ECCE6-F09B-3EA8-9608-260490C45292}.Release|x64.ActiveCfg = Release|x64
		{0A2ECCE6-F09B-3EA8-9608-260490C45292}.Release|x64.Build.0 = Release|x64
		{8A8C34A1-A8DF-3E88-8D30-2EE03C32D8C7}.Release|x64.ActiveCfg = Release|x64
		{8A8C34A1-A8DF-3E88-8D30-2EE03C32D8C7}.Release|x64.Build.0 = Release|x64
		{E7087D2D-970D-3BF0-B6A7-277B72FC35D9}.Release|x64.ActiveCfg = Release|x64
		{3D150462-040C-3E5E-9A48-74E07BC95A28}.Release|x64.ActiveCfg = Release|x64
		{3D150462-040C-3E5E-9A48-74E07BC95A28}.Release|x64.Build.0 = Release|x64
		{73109BE2-A7CA-3D63-8FBF-C18050AD4856}.Release|x64.ActiveCfg = Release|x64
		{73109BE2-A7CA-3D63-8FBF-C18050AD4856}.Release|x64.Build.0 = Release|x64
		{12AD1E48-5B26-3647-9D60-E36E8EDF100B}.Release|x64.ActiveCfg = Release|x64
		{12AD1E48-5B26-3647-9D60-E36E8EDF100B}.Release|x64.Build.0 = Release|x64
		{9CD011AE-E0D0-31DD-9C80-74B9D05CE83B}.Release|x64.ActiveCfg = Release|x64
		{9CD011AE-E0D0-31DD-9C80-74B9D05CE83B}.Release|x64.Build.0 = Release|x64
		{E2FADE23-7CC9-3B94-94F9-FF848FCC2695}.Release|x64.ActiveCfg = Release|x64
		{E2FADE23-7CC9-3B94-94F9-FF848FCC2695}.Release|x64.Build.0 = Release|x64
		{20F2F179-6AB4-3976-A857-B8D84706C7B8}.Release|x64.ActiveCfg = Release|x64
		{20F2F179-6AB4-3976-A857-B8D84706C7B8}.Release|x64.Build.0 = Release|x64
		{A86172A8-7D7F-382E-BE12-B6C6A5456125}.Release|x64.ActiveCfg = Release|x64
		{A86172A8-7D7F-382E-BE12-B6C6A5456125}.Release|x64.Build.0 = Release|x64
		{6AC25896-A709-35E2-B6EA-3DB455722EE7}.Release|x64.ActiveCfg = Release|x64
		{6AC25896-A709-35E2-B6EA-3DB455722EE7}.Release|x64.Build.0 = Release|x64
		{A285B7A4-64CC-31B9-B5A7-B65211F4B565}.Release|x64.ActiveCfg = Release|x64
		{A285B7A4-64CC-31B9-B5A7-B65211F4B565}.Release|x64.Build.0 = Release|x64
		{B610A13E-6CB6-3F86-A9A9-85B83A76F379}.Release|x64.ActiveCfg = Release|x64
		{B610A13E-6CB6-3F86-A9A9-85B83A76F379}.Release|x64.Build.0 = Release|x64
		{9F7516E9-5BD5-32C7-9DF5-34E466A9C68B}.Release|x64.ActiveCfg = Release|x64
		{9F7516E9-5BD5-32C7-9DF5-34E466A9C68B}.Release|x64.Build.0 = Release|x64
	EndGlobalSection
	GlobalSection(NestedProjects) = preSolution
		{6EE29ED6-A195-39D5-8A18-A64C36831DB3} = {8177F4BC-4B55-3373-85A4-A93608BD0C09}
		{D9A898A2-EA75-324E-B233-2C2AF0F61408} = {8177F4BC-4B55-3373-85A4-A93608BD0C09}
		{CC2B3FF8-CFFB-3023-ACC8-0278FF8F8E84} = {8177F4BC-4B55-3373-85A4-A93608BD0C09}
		{BE97B066-C0FA-329E-9BD1-7343E832883C} = {8177F4BC-4B55-3373-85A4-A93608BD0C09}
		{2BEF5011-DF2E-30DC-A2CC-DE3E6E3B2878} = {6A10BD42-2067-3742-B3AA-2B898FF1DB1C}
		{6EAEB6B6-46CC-345D-AF0E-F66F939D8EBD} = {6A10BD42-2067-3742-B3AA-2B898FF1DB1C}
		{83038559-1E3C-3A48-91CC-61E67E83CCCA} = {6A10BD42-2067-3742-B3AA-2B898FF1DB1C}
		{B5CE47A3-B050-367D-98BF-0C80A3EE5DD3} = {6A10BD42-2067-3742-B3AA-2B898FF1DB1C}
		{310BB9D9-043B-36FC-964B-2BC78B57124B} = {6A10BD42-2067-3742-B3AA-2B898FF1DB1C}
		{708CA789-3B85-31B0-A5D9-6BC93E1EE8A4} = {6A10BD42-2067-3742-B3AA-2B898FF1DB1C}
		{59DFFF26-7C88-378E-BE8C-D1C2758F0F56} = {6A10BD42-2067-3742-B3AA-2B898FF1DB1C}
		{29D9D7B9-FE12-33E7-B98B-0ED4BDD315A3} = {6A10BD42-2067-3742-B3AA-2B898FF1DB1C}
		{6708C611-C193-3A27-B6AB-610F3337F8AF} = {6A10BD42-2067-3742-B3AA-2B898FF1DB1C}
		{AD0063E0-0C18-312B-990F-6C2024784913} = {6A10BD42-2067-3742-B3AA-2B898FF1DB1C}
		{432D6CB5-947B-3D8C-B1FE-A1862289DF99} = {6A10BD42-2067-3742-B3AA-2B898FF1DB1C}
		{AA14D8E0-54DF-3824-89D2-62F0085AA11B} = {6A10BD42-2067-3742-B3AA-2B898FF1DB1C}
		{3AF4B4EF-6C32-393A-899D-629DF0C71279} = {6A10BD42-2067-3742-B3AA-2B898FF1DB1C}
		{641E58CF-94CB-368F-8D6E-6A91B78A3009} = {6A10BD42-2067-3742-B3AA-2B898FF1DB1C}
		{D650894E-B298-3E92-B051-15FB2B44B14B} = {6A10BD42-2067-3742-B3AA-2B898FF1DB1C}
		{D9088920-2652-389D-A3C5-C3F4CD381E32} = {6A10BD42-2067-3742-B3AA-2B898FF1DB1C}
		{F046FF05-3D32-3990-BEDB-6D5A724C37A5} = {6A10BD42-2067-3742-B3AA-2B898FF1DB1C}
		{DEEE103A-0046-3D41-A305-7672EF2EC3AA} = {6A10BD42-2067-3742-B3AA-2B898FF1DB1C}
		{1A059A5F-B9E6-36A8-96EE-B7B2A8834006} = {6A10BD42-2067-3742-B3AA-2B898FF1DB1C}
		{1761C1BB-2A03-3AEB-8420-8833358C7AD9} = {6A10BD42-2067-3742-B3AA-2B898FF1DB1C}
		{DC2C81C3-104F-3C5C-BAAC-1570E4BE9800} = {6A10BD42-2067-3742-B3AA-2B898FF1DB1C}
		{59DA2DF7-882F-3323-815C-52B9BE362F85} = {6A10BD42-2067-3742-B3AA-2B898FF1DB1C}
		{167F45FB-74BE-3CE6-8B16-9769887D65C8} = {6A10BD42-2067-3742-B3AA-2B898FF1DB1C}
		{70EAAB56-CCA6-3153-948B-1DDFDF81D52E} = {6A10BD42-2067-3742-B3AA-2B898FF1DB1C}
		{363264AE-F1FA-3A38-9791-52C3FC18B226} = {6A10BD42-2067-3742-B3AA-2B898FF1DB1C}
		{A071CC95-2F1D-38F9-A66E-20E5745D2CE0} = {6A10BD42-2067-3742-B3AA-2B898FF1DB1C}
		{125180DB-1BE2-3546-9B4B-01B158E530F4} = {6A10BD42-2067-3742-B3AA-2B898FF1DB1C}
		{728C6570-81EB-30E4-8F74-7DC85A125844} = {6A10BD42-2067-3742-B3AA-2B898FF1DB1C}
		{367CC118-D02E-37E9-AF62-0C49820A6D81} = {6A10BD42-2067-3742-B3AA-2B898FF1DB1C}
		{127DF91C-4839-3D71-8FBC-AAED4D59B973} = {6A10BD42-2067-3742-B3AA-2B898FF1DB1C}
		{2C591BB5-3BEC-3E69-A70D-B35071C06D0F} = {6A10BD42-2067-3742-B3AA-2B898FF1DB1C}
		{B0E9D8A4-6C1C-3E20-BAB2-D59C846E9A8C} = {6A10BD42-2067-3742-B3AA-2B898FF1DB1C}
		{C2F08333-AB1A-30A0-AE37-317CFDAB5049} = {6A10BD42-2067-3742-B3AA-2B898FF1DB1C}
		{7DFC631A-DECD-3084-8803-1E90BECAA27A} = {6A10BD42-2067-3742-B3AA-2B898FF1DB1C}
		{47798038-ADA5-3E04-A863-2B0AA5615149} = {6A10BD42-2067-3742-B3AA-2B898FF1DB1C}
		{B7998074-A15D-331B-91DC-F9752F0C7D98} = {6A10BD42-2067-3742-B3AA-2B898FF1DB1C}
		{250326EF-E377-36A7-8E33-3A0022B130CE} = {6A10BD42-2067-3742-B3AA-2B898FF1DB1C}
		{8E2F9EBF-9D15-39C6-8E63-6EE7C34346BF} = {6A10BD42-2067-3742-B3AA-2B898FF1DB1C}
		{FB9BD2C4-585B-3B4A-904F-BEED1F8989B1} = {6A10BD42-2067-3742-B3AA-2B898FF1DB1C}
		{9E12FB53-5306-321D-9398-36C5A4745453} = {6A10BD42-2067-3742-B3AA-2B898FF1DB1C}
		{4DEA82A2-BF0B-3C06-8DDF-76A5441C0098} = {6A10BD42-2067-3742-B3AA-2B898FF1DB1C}
		{E1B67995-0847-3742-8069-9EBF1FC1B3ED} = {6A10BD42-2067-3742-B3AA-2B898FF1DB1C}
		{58AC667D-A273-3012-B8CB-F538AEDE3181} = {6A10BD42-2067-3742-B3AA-2B898FF1DB1C}
		{604118BD-04A8-3FC3-AC7B-10F8D72F9D25} = {6A10BD42-2067-3742-B3AA-2B898FF1DB1C}
		{8DDF4E1D-1B92-3B33-A51A-6379DD2620AE} = {6A10BD42-2067-3742-B3AA-2B898FF1DB1C}
		{A61FB19F-3A69-3817-9262-BFF5585BB28C} = {6A10BD42-2067-3742-B3AA-2B898FF1DB1C}
		{6B81318C-201C-3932-B9BE-9EB926223CF2} = {6A10BD42-2067-3742-B3AA-2B898FF1DB1C}
		{3EC71E6E-87B5-3E54-A66C-875D4ACFE01B} = {6A10BD42-2067-3742-B3AA-2B898FF1DB1C}
		{AEAB668D-A7FF-30AC-B551-D8E422EC7477} = {6A10BD42-2067-3742-B3AA-2B898FF1DB1C}
		{EB3070E2-7D62-3E61-BE97-18F51E90DA95} = {6A10BD42-2067-3742-B3AA-2B898FF1DB1C}
		{05D41DAB-E979-3AE4-94FE-D3AB3590C842} = {6A10BD42-2067-3742-B3AA-2B898FF1DB1C}
		{307D1BCE-1808-380B-B817-F8D6FFAB5AF0} = {6A10BD42-2067-3742-B3AA-2B898FF1DB1C}
		{060C0E82-8945-3D65-A263-E783998044DF} = {6A10BD42-2067-3742-B3AA-2B898FF1DB1C}
		{4FD34CAB-9334-3961-B5BD-C020B7AB86EB} = {6A10BD42-2067-3742-B3AA-2B898FF1DB1C}
		{9DE635B6-1B83-3F04-B086-3BAD17C13421} = {6A10BD42-2067-3742-B3AA-2B898FF1DB1C}
		{754DA024-5721-30AC-985A-5593494AD009} = {6A10BD42-2067-3742-B3AA-2B898FF1DB1C}
		{DDB425BF-AC46-3F80-83DB-B45D2A3929F3} = {6A10BD42-2067-3742-B3AA-2B898FF1DB1C}
		{3EBB9E22-C4A8-3F6C-B691-1E79169CF70E} = {6A10BD42-2067-3742-B3AA-2B898FF1DB1C}
		{A4B60BB4-131F-33E9-9380-661C001C9E24} = {6A10BD42-2067-3742-B3AA-2B898FF1DB1C}
		{C86C0362-94F8-3874-B2D3-0B29DB301263} = {6A10BD42-2067-3742-B3AA-2B898FF1DB1C}
		{3D150462-040C-3E5E-9A48-74E07BC95A28} = {6A10BD42-2067-3742-B3AA-2B898FF1DB1C}
		{73109BE2-A7CA-3D63-8FBF-C18050AD4856} = {6A10BD42-2067-3742-B3AA-2B898FF1DB1C}
		{12AD1E48-5B26-3647-9D60-E36E8EDF100B} = {6A10BD42-2067-3742-B3AA-2B898FF1DB1C}
		{9CD011AE-E0D0-31DD-9C80-74B9D05CE83B} = {6A10BD42-2067-3742-B3AA-2B898FF1DB1C}
		{E2FADE23-7CC9-3B94-94F9-FF848FCC2695} = {6A10BD42-2067-3742-B3AA-2B898FF1DB1C}
		{20F2F179-6AB4-3976-A857-B8D84706C7B8} = {6A10BD42-2067-3742-B3AA-2B898FF1DB1C}
		{A86172A8-7D7F-382E-BE12-B6C6A5456125} = {6A10BD42-2067-3742-B3AA-2B898FF1DB1C}
		{6AC25896-A709-35E2-B6EA-3DB455722EE7} = {6A10BD42-2067-3742-B3AA-2B898FF1DB1C}
		{A285B7A4-64CC-31B9-B5A7-B65211F4B565} = {6A10BD42-2067-3742-B3AA-2B898FF1DB1C}
		{B610A13E-6CB6-3F86-A9A9-85B83A76F379} = {6A10BD42-2067-3742-B3AA-2B898FF1DB1C}
		{9F7516E9-5BD5-32C7-9DF5-34E466A9C68B} = {6A10BD42-2067-3742-B3AA-2B898FF1DB1C}
	EndGlobalSection
	GlobalSection(ExtensibilityGlobals) = postSolution
		SolutionGuid = {F3A22EF6-96B8-3593-B882-4ACA801A7652}
	EndGlobalSection
	GlobalSection(ExtensibilityAddIns) = postSolution
	EndGlobalSection
EndGlobal
