<?xml version="1.0" encoding="UTF-8"?>
<Project ToolsVersion="14.0" xmlns="http://schemas.microsoft.com/developer/msbuild/2003">
  <ItemGroup>
    <CustomBuild Include="C:\oss\third_party\sundials\sundials-3.1.0\examples\ida\serial\CMakeLists.txt" />
    <CustomBuild Include="C:\oss\third_party\sundials\sundials-3.1.0-build\CMakeFiles\5376b4bd36ff87e3241177147caedda4\ida_test_install.rule">
      <Filter>CMake Rules</Filter>
    </CustomBuild>
  </ItemGroup>
  <ItemGroup>
    <None Include="C:\oss\third_party\sundials\sundials-3.1.0-build\examples\ida\serial\CMakeFiles\ida_test_install" />
  </ItemGroup>
  <ItemGroup>
    <Filter Include="CMake Rules">
      <UniqueIdentifier>{AEC7B22D-2AB8-3949-AD2D-B44533F941BA}</UniqueIdentifier>
    </Filter>
  </ItemGroup>
</Project>
